
Microsoft Visual Studio Solution File, Format Version 11.00
# Visual Studio Version 16
Project("{8BC9CEB8-8B4A-11D0-8D11-00A0C91BC942}") = "3d", "3d.vcxproj", "{38B037E5-10D8-4673-9373-AD85E06ADB73}"
EndProject
Project("{8BC9CEB8-8B4A-11D0-8D11-00A0C91BC942}") = "3d_multi", "3d_multi.vcxproj", "{41C87252-1644-4C73-8FFA-56E7B5F9CFF1}"
EndProject
Project("{8BC9CEB8-8B4A-11D0-8D11-00A0C91BC942}") = "event_parameter", "event_parameter.vcxproj", "{D1DA2CDF-D5F1-4C94-B9C2-1A421502672B}"
EndProject
Project("{8BC9CEB8-8B4A-11D0-8D11-00A0C91BC942}") = "load_banks", "load_banks.vcxproj", "{C559F5C2-69EA-4B68-912A-01DF3FC08F98}"
EndProject
Project("{8BC9CEB8-8B4A-11D0-8D11-00A0C91BC942}") = "music_callbacks", "music_callbacks.vcxproj", "{2AD4EFD0-0271-4D17-80FA-95DEEE4CBF32}"
EndProject
Project("{8BC9CEB8-8B4A-11D0-8D11-00A0C91BC942}") = "objectpan", "objectpan.vcxproj", "{E5B51CBB-465C-42A5-A895-D8B6310D9F9D}"
EndProject
Project("{8BC9CEB8-8B4A-11D0-8D11-00A0C91BC942}") = "programmer_sound", "programmer_sound.vcxproj", "{EB37FBB5-B3AF-4737-B078-F767CFEE978B}"
EndProject
Project("{8BC9CEB8-8B4A-11D0-8D11-00A0C91BC942}") = "recording_playback", "recording_playback.vcxproj", "{32761F13-A931-481D-BBC9-DAE28FEB644B}"
EndProject
Project("{8BC9CEB8-8B4A-11D0-8D11-00A0C91BC942}") = "simple_event", "simple_event.vcxproj", "{502DBAA1-7251-419E-943F-8115A25B971D}"
EndProject
Global
	GlobalSection(SolutionConfigurationPlatforms) = preSolution
		Debug|Win32 = Debug|Win32
		Debug|x64 = Debug|x64
		Debug|ARM64 = Debug|ARM64
		Release|Win32 = Release|Win32
		Release|x64 = Release|x64
		Release|ARM64 = Release|ARM64
	EndGlobalSection
	GlobalSection(ProjectConfigurationPlatforms) = postSolution
		{38B037E5-10D8-4673-9373-AD85E06ADB73}.Debug|Win32.ActiveCfg = Debug|Win32
		{38B037E5-10D8-4673-9373-AD85E06ADB73}.Debug|Win32.Build.0 = Debug|Win32
		{38B037E5-10D8-4673-9373-AD85E06ADB73}.Debug|Win32.Deploy.0 = Debug|Win32
		{38B037E5-10D8-4673-9373-AD85E06ADB73}.Debug|x64.ActiveCfg = Debug|x64
		{38B037E5-10D8-4673-9373-AD85E06ADB73}.Debug|x64.Build.0 = Debug|x64
		{38B037E5-10D8-4673-9373-AD85E06ADB73}.Debug|x64.Deploy.0 = Debug|x64
		{38B037E5-10D8-4673-9373-AD85E06ADB73}.Debug|ARM64.ActiveCfg = Debug|ARM64
		{38B037E5-10D8-4673-9373-AD85E06ADB73}.Debug|ARM64.Build.0 = Debug|ARM64
		{38B037E5-10D8-4673-9373-AD85E06ADB73}.Debug|ARM64.Deploy.0 = Debug|ARM64
		{38B037E5-10D8-4673-9373-AD85E06ADB73}.Release|Win32.ActiveCfg = Release|Win32
		{38B037E5-10D8-4673-9373-AD85E06ADB73}.Release|Win32.Build.0 = Release|Win32
		{38B037E5-10D8-4673-9373-AD85E06ADB73}.Release|Win32.Deploy.0 = Release|Win32
		{38B037E5-10D8-4673-9373-AD85E06ADB73}.Release|x64.ActiveCfg = Release|x64
		{38B037E5-10D8-4673-9373-AD85E06ADB73}.Release|x64.Build.0 = Release|x64
		{38B037E5-10D8-4673-9373-AD85E06ADB73}.Release|x64.Deploy.0 = Release|x64
		{38B037E5-10D8-4673-9373-AD85E06ADB73}.Release|ARM64.ActiveCfg = Release|ARM64
		{38B037E5-10D8-4673-9373-AD85E06ADB73}.Release|ARM64.Build.0 = Release|ARM64
		{38B037E5-10D8-4673-9373-AD85E06ADB73}.Release|ARM64.Deploy.0 = Release|ARM64
		{41C87252-1644-4C73-8FFA-56E7B5F9CFF1}.Debug|Win32.ActiveCfg = Debug|Win32
		{41C87252-1644-4C73-8FFA-56E7B5F9CFF1}.Debug|Win32.Build.0 = Debug|Win32
		{41C87252-1644-4C73-8FFA-56E7B5F9CFF1}.Debug|Win32.Deploy.0 = Debug|Win32
		{41C87252-1644-4C73-8FFA-56E7B5F9CFF1}.Debug|x64.ActiveCfg = Debug|x64
		{41C87252-1644-4C73-8FFA-56E7B5F9CFF1}.Debug|x64.Build.0 = Debug|x64
		{41C87252-1644-4C73-8FFA-56E7B5F9CFF1}.Debug|x64.Deploy.0 = Debug|x64
		{41C87252-1644-4C73-8FFA-56E7B5F9CFF1}.Debug|ARM64.ActiveCfg = Debug|ARM64
		{41C87252-1644-4C73-8FFA-56E7B5F9CFF1}.Debug|ARM64.Build.0 = Debug|ARM64
		{41C87252-1644-4C73-8FFA-56E7B5F9CFF1}.Debug|ARM64.Deploy.0 = Debug|ARM64
		{41C87252-1644-4C73-8FFA-56E7B5F9CFF1}.Release|Win32.ActiveCfg = Release|Win32
		{41C87252-1644-4C73-8FFA-56E7B5F9CFF1}.Release|Win32.Build.0 = Release|Win32
		{41C87252-1644-4C73-8FFA-56E7B5F9CFF1}.Release|Win32.Deploy.0 = Release|Win32
		{41C87252-1644-4C73-8FFA-56E7B5F9CFF1}.Release|x64.ActiveCfg = Release|x64
		{41C87252-1644-4C73-8FFA-56E7B5F9CFF1}.Release|x64.Build.0 = Release|x64
		{41C87252-1644-4C73-8FFA-56E7B5F9CFF1}.Release|x64.Deploy.0 = Release|x64
		{41C87252-1644-4C73-8FFA-56E7B5F9CFF1}.Release|ARM64.ActiveCfg = Release|ARM64
		{41C87252-1644-4C73-8FFA-56E7B5F9CFF1}.Release|ARM64.Build.0 = Release|ARM64
		{41C87252-1644-4C73-8FFA-56E7B5F9CFF1}.Release|ARM64.Deploy.0 = Release|ARM64
		{D1DA2CDF-D5F1-4C94-B9C2-1A421502672B}.Debug|Win32.ActiveCfg = Debug|Win32
		{D1DA2CDF-D5F1-4C94-B9C2-1A421502672B}.Debug|Win32.Build.0 = Debug|Win32
		{D1DA2CDF-D5F1-4C94-B9C2-1A421502672B}.Debug|Win32.Deploy.0 = Debug|Win32
		{D1DA2CDF-D5F1-4C94-B9C2-1A421502672B}.Debug|x64.ActiveCfg = Debug|x64
		{D1DA2CDF-D5F1-4C94-B9C2-1A421502672B}.Debug|x64.Build.0 = Debug|x64
		{D1DA2CDF-D5F1-4C94-B9C2-1A421502672B}.Debug|x64.Deploy.0 = Debug|x64
		{D1DA2CDF-D5F1-4C94-B9C2-1A421502672B}.Debug|ARM64.ActiveCfg = Debug|ARM64
		{D1DA2CDF-D5F1-4C94-B9C2-1A421502672B}.Debug|ARM64.Build.0 = Debug|ARM64
		{D1DA2CDF-D5F1-4C94-B9C2-1A421502672B}.Debug|ARM64.Deploy.0 = Debug|ARM64
		{D1DA2CDF-D5F1-4C94-B9C2-1A421502672B}.Release|Win32.ActiveCfg = Release|Win32
		{D1DA2CDF-D5F1-4C94-B9C2-1A421502672B}.Release|Win32.Build.0 = Release|Win32
		{D1DA2CDF-D5F1-4C94-B9C2-1A421502672B}.Release|Win32.Deploy.0 = Release|Win32
		{D1DA2CDF-D5F1-4C94-B9C2-1A421502672B}.Release|x64.ActiveCfg = Release|x64
		{D1DA2CDF-D5F1-4C94-B9C2-1A421502672B}.Release|x64.Build.0 = Release|x64
		{D1DA2CDF-D5F1-4C94-B9C2-1A421502672B}.Release|x64.Deploy.0 = Release|x64
		{D1DA2CDF-D5F1-4C94-B9C2-1A421502672B}.Release|ARM64.ActiveCfg = Release|ARM64
		{D1DA2CDF-D5F1-4C94-B9C2-1A421502672B}.Release|ARM64.Build.0 = Release|ARM64
		{D1DA2CDF-D5F1-4C94-B9C2-1A421502672B}.Release|ARM64.Deploy.0 = Release|ARM64
		{C559F5C2-69EA-4B68-912A-01DF3FC08F98}.Debug|Win32.ActiveCfg = Debug|Win32
		{C559F5C2-69EA-4B68-912A-01DF3FC08F98}.Debug|Win32.Build.0 = Debug|Win32
		{C559F5C2-69EA-4B68-912A-01DF3FC08F98}.Debug|Win32.Deploy.0 = Debug|Win32
		{C559F5C2-69EA-4B68-912A-01DF3FC08F98}.Debug|x64.ActiveCfg = Debug|x64
		{C559F5C2-69EA-4B68-912A-01DF3FC08F98}.Debug|x64.Build.0 = Debug|x64
		{C559F5C2-69EA-4B68-912A-01DF3FC08F98}.Debug|x64.Deploy.0 = Debug|x64
		{C559F5C2-69EA-4B68-912A-01DF3FC08F98}.Debug|ARM64.ActiveCfg = Debug|ARM64
		{C559F5C2-69EA-4B68-912A-01DF3FC08F98}.Debug|ARM64.Build.0 = Debug|ARM64
		{C559F5C2-69EA-4B68-912A-01DF3FC08F98}.Debug|ARM64.Deploy.0 = Debug|ARM64
		{C559F5C2-69EA-4B68-912A-01DF3FC08F98}.Release|Win32.ActiveCfg = Release|Win32
		{C559F5C2-69EA-4B68-912A-01DF3FC08F98}.Release|Win32.Build.0 = Release|Win32
		{C559F5C2-69EA-4B68-912A-01DF3FC08F98}.Release|Win32.Deploy.0 = Release|Win32
		{C559F5C2-69EA-4B68-912A-01DF3FC08F98}.Release|x64.ActiveCfg = Release|x64
		{C559F5C2-69EA-4B68-912A-01DF3FC08F98}.Release|x64.Build.0 = Release|x64
		{C559F5C2-69EA-4B68-912A-01DF3FC08F98}.Release|x64.Deploy.0 = Release|x64
		{C559F5C2-69EA-4B68-912A-01DF3FC08F98}.Release|ARM64.ActiveCfg = Release|ARM64
		{C559F5C2-69EA-4B68-912A-01DF3FC08F98}.Release|ARM64.Build.0 = Release|ARM64
		{C559F5C2-69EA-4B68-912A-01DF3FC08F98}.Release|ARM64.Deploy.0 = Release|ARM64
		{2AD4EFD0-0271-4D17-80FA-95DEEE4CBF32}.Debug|Win32.ActiveCfg = Debug|Win32
		{2AD4EFD0-0271-4D17-80FA-95DEEE4CBF32}.Debug|Win32.Build.0 = Debug|Win32
		{2AD4EFD0-0271-4D17-80FA-95DEEE4CBF32}.Debug|Win32.Deploy.0 = Debug|Win32
		{2AD4EFD0-0271-4D17-80FA-95DEEE4CBF32}.Debug|x64.ActiveCfg = Debug|x64
		{2AD4EFD0-0271-4D17-80FA-95DEEE4CBF32}.Debug|x64.Build.0 = Debug|x64
		{2AD4EFD0-0271-4D17-80FA-95DEEE4CBF32}.Debug|x64.Deploy.0 = Debug|x64
		{2AD4EFD0-0271-4D17-80FA-95DEEE4CBF32}.Debug|ARM64.ActiveCfg = Debug|ARM64
		{2AD4EFD0-0271-4D17-80FA-95DEEE4CBF32}.Debug|ARM64.Build.0 = Debug|ARM64
		{2AD4EFD0-0271-4D17-80FA-95DEEE4CBF32}.Debug|ARM64.Deploy.0 = Debug|ARM64
		{2AD4EFD0-0271-4D17-80FA-95DEEE4CBF32}.Release|Win32.ActiveCfg = Release|Win32
		{2AD4EFD0-0271-4D17-80FA-95DEEE4CBF32}.Release|Win32.Build.0 = Release|Win32
		{2AD4EFD0-0271-4D17-80FA-95DEEE4CBF32}.Release|Win32.Deploy.0 = Release|Win32
		{2AD4EFD0-0271-4D17-80FA-95DEEE4CBF32}.Release|x64.ActiveCfg = Release|x64
		{2AD4EFD0-0271-4D17-80FA-95DEEE4CBF32}.Release|x64.Build.0 = Release|x64
		{2AD4EFD0-0271-4D17-80FA-95DEEE4CBF32}.Release|x64.Deploy.0 = Release|x64
		{2AD4EFD0-0271-4D17-80FA-95DEEE4CBF32}.Release|ARM64.ActiveCfg = Release|ARM64
		{2AD4EFD0-0271-4D17-80FA-95DEEE4CBF32}.Release|ARM64.Build.0 = Release|ARM64
		{2AD4EFD0-0271-4D17-80FA-95DEEE4CBF32}.Release|ARM64.Deploy.0 = Release|ARM64
		{E5B51CBB-465C-42A5-A895-D8B6310D9F9D}.Debug|Win32.ActiveCfg = Debug|Win32
		{E5B51CBB-465C-42A5-A895-D8B6310D9F9D}.Debug|Win32.Build.0 = Debug|Win32
		{E5B51CBB-465C-42A5-A895-D8B6310D9F9D}.Debug|Win32.Deploy.0 = Debug|Win32
		{E5B51CBB-465C-42A5-A895-D8B6310D9F9D}.Debug|x64.ActiveCfg = Debug|x64
		{E5B51CBB-465C-42A5-A895-D8B6310D9F9D}.Debug|x64.Build.0 = Debug|x64
		{E5B51CBB-465C-42A5-A895-D8B6310D9F9D}.Debug|x64.Deploy.0 = Debug|x64
		{E5B51CBB-465C-42A5-A895-D8B6310D9F9D}.Debug|ARM64.ActiveCfg = Debug|ARM64
		{E5B51CBB-465C-42A5-A895-D8B6310D9F9D}.Debug|ARM64.Build.0 = Debug|ARM64
		{E5B51CBB-465C-42A5-A895-D8B6310D9F9D}.Debug|ARM64.Deploy.0 = Debug|ARM64
		{E5B51CBB-465C-42A5-A895-D8B6310D9F9D}.Release|Win32.ActiveCfg = Release|Win32
		{E5B51CBB-465C-42A5-A895-D8B6310D9F9D}.Release|Win32.Build.0 = Release|Win32
		{E5B51CBB-465C-42A5-A895-D8B6310D9F9D}.Release|Win32.Deploy.0 = Release|Win32
		{E5B51CBB-465C-42A5-A895-D8B6310D9F9D}.Release|x64.ActiveCfg = Release|x64
		{E5B51CBB-465C-42A5-A895-D8B6310D9F9D}.Release|x64.Build.0 = Release|x64
		{E5B51CBB-465C-42A5-A895-D8B6310D9F9D}.Release|x64.Deploy.0 = Release|x64
		{E5B51CBB-465C-42A5-A895-D8B6310D9F9D}.Release|ARM64.ActiveCfg = Release|ARM64
		{E5B51CBB-465C-42A5-A895-D8B6310D9F9D}.Release|ARM64.Build.0 = Release|ARM64
		{E5B51CBB-465C-42A5-A895-D8B6310D9F9D}.Release|ARM64.Deploy.0 = Release|ARM64
		{EB37FBB5-B3AF-4737-B078-F767CFEE978B}.Debug|Win32.ActiveCfg = Debug|Win32
		{EB37FBB5-B3AF-4737-B078-F767CFEE978B}.Debug|Win32.Build.0 = Debug|Win32
		{EB37FBB5-B3AF-4737-B078-F767CFEE978B}.Debug|Win32.Deploy.0 = Debug|Win32
		{EB37FBB5-B3AF-4737-B078-F767CFEE978B}.Debug|x64.ActiveCfg = Debug|x64
		{EB37FBB5-B3AF-4737-B078-F767CFEE978B}.Debug|x64.Build.0 = Debug|x64
		{EB37FBB5-B3AF-4737-B078-F767CFEE978B}.Debug|x64.Deploy.0 = Debug|x64
		{EB37FBB5-B3AF-4737-B078-F767CFEE978B}.Debug|ARM64.ActiveCfg = Debug|ARM64
		{EB37FBB5-B3AF-4737-B078-F767CFEE978B}.Debug|ARM64.Build.0 = Debug|ARM64
		{EB37FBB5-B3AF-4737-B078-F767CFEE978B}.Debug|ARM64.Deploy.0 = Debug|ARM64
		{EB37FBB5-B3AF-4737-B078-F767CFEE978B}.Release|Win32.ActiveCfg = Release|Win32
		{EB37FBB5-B3AF-4737-B078-F767CFEE978B}.Release|Win32.Build.0 = Release|Win32
		{EB37FBB5-B3AF-4737-B078-F767CFEE978B}.Release|Win32.Deploy.0 = Release|Win32
		{EB37FBB5-B3AF-4737-B078-F767CFEE978B}.Release|x64.ActiveCfg = Release|x64
		{EB37FBB5-B3AF-4737-B078-F767CFEE978B}.Release|x64.Build.0 = Release|x64
		{EB37FBB5-B3AF-4737-B078-F767CFEE978B}.Release|x64.Deploy.0 = Release|x64
		{EB37FBB5-B3AF-4737-B078-F767CFEE978B}.Release|ARM64.ActiveCfg = Release|ARM64
		{EB37FBB5-B3AF-4737-B078-F767CFEE978B}.Release|ARM64.Build.0 = Release|ARM64
		{EB37FBB5-B3AF-4737-B078-F767CFEE978B}.Release|ARM64.Deploy.0 = Release|ARM64
		{32761F13-A931-481D-BBC9-DAE28FEB644B}.Debug|Win32.ActiveCfg = Debug|Win32
		{32761F13-A931-481D-BBC9-DAE28FEB644B}.Debug|Win32.Build.0 = Debug|Win32
		{32761F13-A931-481D-BBC9-DAE28FEB644B}.Debug|Win32.Deploy.0 = Debug|Win32
		{32761F13-A931-481D-BBC9-DAE28FEB644B}.Debug|x64.ActiveCfg = Debug|x64
		{32761F13-A931-481D-BBC9-DAE28FEB644B}.Debug|x64.Build.0 = Debug|x64
		{32761F13-A931-481D-BBC9-DAE28FEB644B}.Debug|x64.Deploy.0 = Debug|x64
		{32761F13-A931-481D-BBC9-DAE28FEB644B}.Debug|ARM64.ActiveCfg = Debug|ARM64
		{32761F13-A931-481D-BBC9-DAE28FEB644B}.Debug|ARM64.Build.0 = Debug|ARM64
		{32761F13-A931-481D-BBC9-DAE28FEB644B}.Debug|ARM64.Deploy.0 = Debug|ARM64
		{32761F13-A931-481D-BBC9-DAE28FEB644B}.Release|Win32.ActiveCfg = Release|Win32
		{32761F13-A931-481D-BBC9-DAE28FEB644B}.Release|Win32.Build.0 = Release|Win32
		{32761F13-A931-481D-BBC9-DAE28FEB644B}.Release|Win32.Deploy.0 = Release|Win32
		{32761F13-A931-481D-BBC9-DAE28FEB644B}.Release|x64.ActiveCfg = Release|x64
		{32761F13-A931-481D-BBC9-DAE28FEB644B}.Release|x64.Build.0 = Release|x64
		{32761F13-A931-481D-BBC9-DAE28FEB644B}.Release|x64.Deploy.0 = Release|x64
		{32761F13-A931-481D-BBC9-DAE28FEB644B}.Release|ARM64.ActiveCfg = Release|ARM64
		{32761F13-A931-481D-BBC9-DAE28FEB644B}.Release|ARM64.Build.0 = Release|ARM64
		{32761F13-A931-481D-BBC9-DAE28FEB644B}.Release|ARM64.Deploy.0 = Release|ARM64
		{502DBAA1-7251-419E-943F-8115A25B971D}.Debug|Win32.ActiveCfg = Debug|Win32
		{502DBAA1-7251-419E-943F-8115A25B971D}.Debug|Win32.Build.0 = Debug|Win32
		{502DBAA1-7251-419E-943F-8115A25B971D}.Debug|Win32.Deploy.0 = Debug|Win32
		{502DBAA1-7251-419E-943F-8115A25B971D}.Debug|x64.ActiveCfg = Debug|x64
		{502DBAA1-7251-419E-943F-8115A25B971D}.Debug|x64.Build.0 = Debug|x64
		{502DBAA1-7251-419E-943F-8115A25B971D}.Debug|x64.Deploy.0 = Debug|x64
		{502DBAA1-7251-419E-943F-8115A25B971D}.Debug|ARM64.ActiveCfg = Debug|ARM64
		{502DBAA1-7251-419E-943F-8115A25B971D}.Debug|ARM64.Build.0 = Debug|ARM64
		{502DBAA1-7251-419E-943F-8115A25B971D}.Debug|ARM64.Deploy.0 = Debug|ARM64
		{502DBAA1-7251-419E-943F-8115A25B971D}.Release|Win32.ActiveCfg = Release|Win32
		{502DBAA1-7251-419E-943F-8115A25B971D}.Release|Win32.Build.0 = Release|Win32
		{502DBAA1-7251-419E-943F-8115A25B971D}.Release|Win32.Deploy.0 = Release|Win32
		{502DBAA1-7251-419E-943F-8115A25B971D}.Release|x64.ActiveCfg = Release|x64
		{502DBAA1-7251-419E-943F-8115A25B971D}.Release|x64.Build.0 = Release|x64
		{502DBAA1-7251-419E-943F-8115A25B971D}.Release|x64.Deploy.0 = Release|x64
		{502DBAA1-7251-419E-943F-8115A25B971D}.Release|ARM64.ActiveCfg = Release|ARM64
		{502DBAA1-7251-419E-943F-8115A25B971D}.Release|ARM64.Build.0 = Release|ARM64
		{502DBAA1-7251-419E-943F-8115A25B971D}.Release|ARM64.Deploy.0 = Release|ARM64
	EndGlobalSection
	GlobalSection(SolutionProperties) = preSolution
		HideSolutionNode = FALSE
	EndGlobalSection
EndGlobal
