
Microsoft Visual Studio Solution File, Format Version 11.00
# Visual Studio 15
Project("{8BC9CEB8-8B4A-11D0-8D11-00A0C91BC942}") = "3d", "3d.vcxproj", "{B02C5A59-F48B-418B-BCE2-5A8CDE9E27BD}"
EndProject
Project("{8BC9CEB8-8B4A-11D0-8D11-00A0C91BC942}") = "asyncio", "asyncio.vcxproj", "{1ADC451B-B927-4629-88E0-B10CC79CA4CA}"
EndProject
Project("{8BC9CEB8-8B4A-11D0-8D11-00A0C91BC942}") = "channel_groups", "channel_groups.vcxproj", "{EF5D2619-FE68-4A78-B9B2-61573B0EAF5D}"
EndProject
Project("{8BC9CEB8-8B4A-11D0-8D11-00A0C91BC942}") = "convolution_reverb", "convolution_reverb.vcxproj", "{DCF75CDA-3860-4B44-AC05-4C8E3421FFE1}"
EndProject
Project("{8BC9CEB8-8B4A-11D0-8D11-00A0C91BC942}") = "dsp_custom", "dsp_custom.vcxproj", "{02570A14-80D3-4A3E-8072-2528F9F0CD7F}"
EndProject
Project("{8BC9CEB8-8B4A-11D0-8D11-00A0C91BC942}") = "dsp_effect_per_speaker", "dsp_effect_per_speaker.vcxproj", "{02CC77EF-9405-4CFC-BE0C-EF888B177CC2}"
EndProject
Project("{8BC9CEB8-8B4A-11D0-8D11-00A0C91BC942}") = "dsp_inspector", "dsp_inspector.vcxproj", "{6063A33F-21AC-48DB-BFF8-0F5F660CB7AC}"
EndProject
Project("{8BC9CEB8-8B4A-11D0-8D11-00A0C91BC942}") = "effects", "effects.vcxproj", "{20DBB12E-30A0-4E55-90F7-C23BBF427447}"
EndProject
Project("{8BC9CEB8-8B4A-11D0-8D11-00A0C91BC942}") = "gapless_playback", "gapless_playback.vcxproj", "{CE07A949-82FE-4B0B-AF5C-007ADF50CADF}"
EndProject
Project("{8BC9CEB8-8B4A-11D0-8D11-00A0C91BC942}") = "generate_tone", "generate_tone.vcxproj", "{24156238-E7D4-42FC-AB78-75760AF8D6E5}"
EndProject
Project("{8BC9CEB8-8B4A-11D0-8D11-00A0C91BC942}") = "granular_synth", "granular_synth.vcxproj", "{0A880AB1-C1A8-4C36-9546-516E968457DA}"
EndProject
Project("{8BC9CEB8-8B4A-11D0-8D11-00A0C91BC942}") = "load_from_memory", "load_from_memory.vcxproj", "{5A6A85DB-664C-462F-8CF4-452B56718717}"
EndProject
Project("{8BC9CEB8-8B4A-11D0-8D11-00A0C91BC942}") = "multiple_speaker", "multiple_speaker.vcxproj", "{9ACE256A-725F-4AA9-8F0D-42CEDC008E40}"
EndProject
Project("{8BC9CEB8-8B4A-11D0-8D11-00A0C91BC942}") = "multiple_system", "multiple_system.vcxproj", "{944D8A17-371A-47E4-9400-164AFD10C9A2}"
EndProject
Project("{8BC9CEB8-8B4A-11D0-8D11-00A0C91BC942}") = "net_stream", "net_stream.vcxproj", "{E4475AD9-8E71-43F0-A9AA-7A8629EF316F}"
EndProject
Project("{8BC9CEB8-8B4A-11D0-8D11-00A0C91BC942}") = "play_sound", "play_sound.vcxproj", "{5B4D881A-8EFD-44DF-97E1-5CD2C44A63E3}"
EndProject
Project("{8BC9CEB8-8B4A-11D0-8D11-00A0C91BC942}") = "play_stream", "play_stream.vcxproj", "{E295CC9C-DA7A-43C7-8E15-B076532A2D19}"
EndProject
Project("{8BC9CEB8-8B4A-11D0-8D11-00A0C91BC942}") = "record", "record.vcxproj", "{F3B99F2D-834E-4691-B268-385DA9A7E674}"
EndProject
Project("{8BC9CEB8-8B4A-11D0-8D11-00A0C91BC942}") = "record_enumeration", "record_enumeration.vcxproj", "{FE2726F5-2F06-42F0-8652-88A60A369542}"
EndProject
Project("{8BC9CEB8-8B4A-11D0-8D11-00A0C91BC942}") = "user_created_sound", "user_created_sound.vcxproj", "{9B0C675B-0B1F-4F27-AD9E-54F3B39254A7}"
EndProject
Project("{8BC9CEB8-8B4A-11D0-8D11-00A0C91BC942}") = "fmod_codec_raw", "fmod_codec_raw.vcxproj", "{A37D13EA-1AE7-4888-91D9-0897C09C8098}"
EndProject
Project("{8BC9CEB8-8B4A-11D0-8D11-00A0C91BC942}") = "fmod_distance_filter", "fmod_distance_filter.vcxproj", "{0B8C6F93-B1CF-4F86-A00D-A5AB8433FF60}"
EndProject
Project("{8BC9CEB8-8B4A-11D0-8D11-00A0C91BC942}") = "fmod_gain", "fmod_gain.vcxproj", "{532321AC-C13F-4748-A550-1DBEE9C3ED91}"
EndProject
Project("{8BC9CEB8-8B4A-11D0-8D11-00A0C91BC942}") = "fmod_noise", "fmod_noise.vcxproj", "{A5009255-45C4-4269-B44D-A06ED1FF05D5}"
EndProject
Project("{8BC9CEB8-8B4A-11D0-8D11-00A0C91BC942}") = "fmod_rnbo", "fmod_rnbo.vcxproj", "{75CFBEE6-2A4B-404E-B1BA-BB7FCA037DFC}"
EndProject
Project("{8BC9CEB8-8B4A-11D0-8D11-00A0C91BC942}") = "output_mp3", "output_mp3.vcxproj", "{EA4F0BD4-C599-4A28-85D2-146E4BE472C4}"
EndProject
Global
	GlobalSection(SolutionConfigurationPlatforms) = preSolution
		Debug|Win32 = Debug|Win32
		Debug|x64 = Debug|x64
		Debug|ARM64 = Debug|ARM64
		Release|Win32 = Release|Win32
		Release|x64 = Release|x64
		Release|ARM64 = Release|ARM64
	EndGlobalSection
	GlobalSection(ProjectConfigurationPlatforms) = postSolution
		{B02C5A59-F48B-418B-BCE2-5A8CDE9E27BD}.Debug|Win32.ActiveCfg = Debug|Win32
		{B02C5A59-F48B-418B-BCE2-5A8CDE9E27BD}.Debug|Win32.Build.0 = Debug|Win32
		{B02C5A59-F48B-418B-BCE2-5A8CDE9E27BD}.Debug|Win32.Deploy.0 = Debug|Win32
		{B02C5A59-F48B-418B-BCE2-5A8CDE9E27BD}.Debug|x64.ActiveCfg = Debug|x64
		{B02C5A59-F48B-418B-BCE2-5A8CDE9E27BD}.Debug|x64.Build.0 = Debug|x64
		{B02C5A59-F48B-418B-BCE2-5A8CDE9E27BD}.Debug|x64.Deploy.0 = Debug|x64
		{B02C5A59-F48B-418B-BCE2-5A8CDE9E27BD}.Debug|ARM64.ActiveCfg = Debug|ARM64
		{B02C5A59-F48B-418B-BCE2-5A8CDE9E27BD}.Debug|ARM64.Build.0 = Debug|ARM64
		{B02C5A59-F48B-418B-BCE2-5A8CDE9E27BD}.Debug|ARM64.Deploy.0 = Debug|ARM64
		{B02C5A59-F48B-418B-BCE2-5A8CDE9E27BD}.Release|Win32.ActiveCfg = Release|Win32
		{B02C5A59-F48B-418B-BCE2-5A8CDE9E27BD}.Release|Win32.Build.0 = Release|Win32
		{B02C5A59-F48B-418B-BCE2-5A8CDE9E27BD}.Release|Win32.Deploy.0 = Release|Win32
		{B02C5A59-F48B-418B-BCE2-5A8CDE9E27BD}.Release|x64.ActiveCfg = Release|x64
		{B02C5A59-F48B-418B-BCE2-5A8CDE9E27BD}.Release|x64.Build.0 = Release|x64
		{B02C5A59-F48B-418B-BCE2-5A8CDE9E27BD}.Release|x64.Deploy.0 = Release|x64
		{B02C5A59-F48B-418B-BCE2-5A8CDE9E27BD}.Release|ARM64.ActiveCfg = Release|ARM64
		{B02C5A59-F48B-418B-BCE2-5A8CDE9E27BD}.Release|ARM64.Build.0 = Release|ARM64
		{B02C5A59-F48B-418B-BCE2-5A8CDE9E27BD}.Release|ARM64.Deploy.0 = Release|ARM64
		{1ADC451B-B927-4629-88E0-B10CC79CA4CA}.Debug|Win32.ActiveCfg = Debug|Win32
		{1ADC451B-B927-4629-88E0-B10CC79CA4CA}.Debug|Win32.Build.0 = Debug|Win32
		{1ADC451B-B927-4629-88E0-B10CC79CA4CA}.Debug|Win32.Deploy.0 = Debug|Win32
		{1ADC451B-B927-4629-88E0-B10CC79CA4CA}.Debug|x64.ActiveCfg = Debug|x64
		{1ADC451B-B927-4629-88E0-B10CC79CA4CA}.Debug|x64.Build.0 = Debug|x64
		{1ADC451B-B927-4629-88E0-B10CC79CA4CA}.Debug|x64.Deploy.0 = Debug|x64
		{1ADC451B-B927-4629-88E0-B10CC79CA4CA}.Debug|ARM64.ActiveCfg = Debug|ARM64
		{1ADC451B-B927-4629-88E0-B10CC79CA4CA}.Debug|ARM64.Build.0 = Debug|ARM64
		{1ADC451B-B927-4629-88E0-B10CC79CA4CA}.Debug|ARM64.Deploy.0 = Debug|ARM64
		{1ADC451B-B927-4629-88E0-B10CC79CA4CA}.Release|Win32.ActiveCfg = Release|Win32
		{1ADC451B-B927-4629-88E0-B10CC79CA4CA}.Release|Win32.Build.0 = Release|Win32
		{1ADC451B-B927-4629-88E0-B10CC79CA4CA}.Release|Win32.Deploy.0 = Release|Win32
		{1ADC451B-B927-4629-88E0-B10CC79CA4CA}.Release|x64.ActiveCfg = Release|x64
		{1ADC451B-B927-4629-88E0-B10CC79CA4CA}.Release|x64.Build.0 = Release|x64
		{1ADC451B-B927-4629-88E0-B10CC79CA4CA}.Release|x64.Deploy.0 = Release|x64
		{1ADC451B-B927-4629-88E0-B10CC79CA4CA}.Release|ARM64.ActiveCfg = Release|ARM64
		{1ADC451B-B927-4629-88E0-B10CC79CA4CA}.Release|ARM64.Build.0 = Release|ARM64
		{1ADC451B-B927-4629-88E0-B10CC79CA4CA}.Release|ARM64.Deploy.0 = Release|ARM64
		{EF5D2619-FE68-4A78-B9B2-61573B0EAF5D}.Debug|Win32.ActiveCfg = Debug|Win32
		{EF5D2619-FE68-4A78-B9B2-61573B0EAF5D}.Debug|Win32.Build.0 = Debug|Win32
		{EF5D2619-FE68-4A78-B9B2-61573B0EAF5D}.Debug|Win32.Deploy.0 = Debug|Win32
		{EF5D2619-FE68-4A78-B9B2-61573B0EAF5D}.Debug|x64.ActiveCfg = Debug|x64
		{EF5D2619-FE68-4A78-B9B2-61573B0EAF5D}.Debug|x64.Build.0 = Debug|x64
		{EF5D2619-FE68-4A78-B9B2-61573B0EAF5D}.Debug|x64.Deploy.0 = Debug|x64
		{EF5D2619-FE68-4A78-B9B2-61573B0EAF5D}.Debug|ARM64.ActiveCfg = Debug|ARM64
		{EF5D2619-FE68-4A78-B9B2-61573B0EAF5D}.Debug|ARM64.Build.0 = Debug|ARM64
		{EF5D2619-FE68-4A78-B9B2-61573B0EAF5D}.Debug|ARM64.Deploy.0 = Debug|ARM64
		{EF5D2619-FE68-4A78-B9B2-61573B0EAF5D}.Release|Win32.ActiveCfg = Release|Win32
		{EF5D2619-FE68-4A78-B9B2-61573B0EAF5D}.Release|Win32.Build.0 = Release|Win32
		{EF5D2619-FE68-4A78-B9B2-61573B0EAF5D}.Release|Win32.Deploy.0 = Release|Win32
		{EF5D2619-FE68-4A78-B9B2-61573B0EAF5D}.Release|x64.ActiveCfg = Release|x64
		{EF5D2619-FE68-4A78-B9B2-61573B0EAF5D}.Release|x64.Build.0 = Release|x64
		{EF5D2619-FE68-4A78-B9B2-61573B0EAF5D}.Release|x64.Deploy.0 = Release|x64
		{EF5D2619-FE68-4A78-B9B2-61573B0EAF5D}.Release|ARM64.ActiveCfg = Release|ARM64
		{EF5D2619-FE68-4A78-B9B2-61573B0EAF5D}.Release|ARM64.Build.0 = Release|ARM64
		{EF5D2619-FE68-4A78-B9B2-61573B0EAF5D}.Release|ARM64.Deploy.0 = Release|ARM64
		{DCF75CDA-3860-4B44-AC05-4C8E3421FFE1}.Debug|Win32.ActiveCfg = Debug|Win32
		{DCF75CDA-3860-4B44-AC05-4C8E3421FFE1}.Debug|Win32.Build.0 = Debug|Win32
		{DCF75CDA-3860-4B44-AC05-4C8E3421FFE1}.Debug|Win32.Deploy.0 = Debug|Win32
		{DCF75CDA-3860-4B44-AC05-4C8E3421FFE1}.Debug|x64.ActiveCfg = Debug|x64
		{DCF75CDA-3860-4B44-AC05-4C8E3421FFE1}.Debug|x64.Build.0 = Debug|x64
		{DCF75CDA-3860-4B44-AC05-4C8E3421FFE1}.Debug|x64.Deploy.0 = Debug|x64
		{DCF75CDA-3860-4B44-AC05-4C8E3421FFE1}.Debug|ARM64.ActiveCfg = Debug|ARM64
		{DCF75CDA-3860-4B44-AC05-4C8E3421FFE1}.Debug|ARM64.Build.0 = Debug|ARM64
		{DCF75CDA-3860-4B44-AC05-4C8E3421FFE1}.Debug|ARM64.Deploy.0 = Debug|ARM64
		{DCF75CDA-3860-4B44-AC05-4C8E3421FFE1}.Release|Win32.ActiveCfg = Release|Win32
		{DCF75CDA-3860-4B44-AC05-4C8E3421FFE1}.Release|Win32.Build.0 = Release|Win32
		{DCF75CDA-3860-4B44-AC05-4C8E3421FFE1}.Release|Win32.Deploy.0 = Release|Win32
		{DCF75CDA-3860-4B44-AC05-4C8E3421FFE1}.Release|x64.ActiveCfg = Release|x64
		{DCF75CDA-3860-4B44-AC05-4C8E3421FFE1}.Release|x64.Build.0 = Release|x64
		{DCF75CDA-3860-4B44-AC05-4C8E3421FFE1}.Release|x64.Deploy.0 = Release|x64
		{DCF75CDA-3860-4B44-AC05-4C8E3421FFE1}.Release|ARM64.ActiveCfg = Release|ARM64
		{DCF75CDA-3860-4B44-AC05-4C8E3421FFE1}.Release|ARM64.Build.0 = Release|ARM64
		{DCF75CDA-3860-4B44-AC05-4C8E3421FFE1}.Release|ARM64.Deploy.0 = Release|ARM64
		{02570A14-80D3-4A3E-8072-2528F9F0CD7F}.Debug|Win32.ActiveCfg = Debug|Win32
		{02570A14-80D3-4A3E-8072-2528F9F0CD7F}.Debug|Win32.Build.0 = Debug|Win32
		{02570A14-80D3-4A3E-8072-2528F9F0CD7F}.Debug|Win32.Deploy.0 = Debug|Win32
		{02570A14-80D3-4A3E-8072-2528F9F0CD7F}.Debug|x64.ActiveCfg = Debug|x64
		{02570A14-80D3-4A3E-8072-2528F9F0CD7F}.Debug|x64.Build.0 = Debug|x64
		{02570A14-80D3-4A3E-8072-2528F9F0CD7F}.Debug|x64.Deploy.0 = Debug|x64
		{02570A14-80D3-4A3E-8072-2528F9F0CD7F}.Debug|ARM64.ActiveCfg = Debug|ARM64
		{02570A14-80D3-4A3E-8072-2528F9F0CD7F}.Debug|ARM64.Build.0 = Debug|ARM64
		{02570A14-80D3-4A3E-8072-2528F9F0CD7F}.Debug|ARM64.Deploy.0 = Debug|ARM64
		{02570A14-80D3-4A3E-8072-2528F9F0CD7F}.Release|Win32.ActiveCfg = Release|Win32
		{02570A14-80D3-4A3E-8072-2528F9F0CD7F}.Release|Win32.Build.0 = Release|Win32
		{02570A14-80D3-4A3E-8072-2528F9F0CD7F}.Release|Win32.Deploy.0 = Release|Win32
		{02570A14-80D3-4A3E-8072-2528F9F0CD7F}.Release|x64.ActiveCfg = Release|x64
		{02570A14-80D3-4A3E-8072-2528F9F0CD7F}.Release|x64.Build.0 = Release|x64
		{02570A14-80D3-4A3E-8072-2528F9F0CD7F}.Release|x64.Deploy.0 = Release|x64
		{02570A14-80D3-4A3E-8072-2528F9F0CD7F}.Release|ARM64.ActiveCfg = Release|ARM64
		{02570A14-80D3-4A3E-8072-2528F9F0CD7F}.Release|ARM64.Build.0 = Release|ARM64
		{02570A14-80D3-4A3E-8072-2528F9F0CD7F}.Release|ARM64.Deploy.0 = Release|ARM64
		{02CC77EF-9405-4CFC-BE0C-EF888B177CC2}.Debug|Win32.ActiveCfg = Debug|Win32
		{02CC77EF-9405-4CFC-BE0C-EF888B177CC2}.Debug|Win32.Build.0 = Debug|Win32
		{02CC77EF-9405-4CFC-BE0C-EF888B177CC2}.Debug|Win32.Deploy.0 = Debug|Win32
		{02CC77EF-9405-4CFC-BE0C-EF888B177CC2}.Debug|x64.ActiveCfg = Debug|x64
		{02CC77EF-9405-4CFC-BE0C-EF888B177CC2}.Debug|x64.Build.0 = Debug|x64
		{02CC77EF-9405-4CFC-BE0C-EF888B177CC2}.Debug|x64.Deploy.0 = Debug|x64
		{02CC77EF-9405-4CFC-BE0C-EF888B177CC2}.Debug|ARM64.ActiveCfg = Debug|ARM64
		{02CC77EF-9405-4CFC-BE0C-EF888B177CC2}.Debug|ARM64.Build.0 = Debug|ARM64
		{02CC77EF-9405-4CFC-BE0C-EF888B177CC2}.Debug|ARM64.Deploy.0 = Debug|ARM64
		{02CC77EF-9405-4CFC-BE0C-EF888B177CC2}.Release|Win32.ActiveCfg = Release|Win32
		{02CC77EF-9405-4CFC-BE0C-EF888B177CC2}.Release|Win32.Build.0 = Release|Win32
		{02CC77EF-9405-4CFC-BE0C-EF888B177CC2}.Release|Win32.Deploy.0 = Release|Win32
		{02CC77EF-9405-4CFC-BE0C-EF888B177CC2}.Release|x64.ActiveCfg = Release|x64
		{02CC77EF-9405-4CFC-BE0C-EF888B177CC2}.Release|x64.Build.0 = Release|x64
		{02CC77EF-9405-4CFC-BE0C-EF888B177CC2}.Release|x64.Deploy.0 = Release|x64
		{02CC77EF-9405-4CFC-BE0C-EF888B177CC2}.Release|ARM64.ActiveCfg = Release|ARM64
		{02CC77EF-9405-4CFC-BE0C-EF888B177CC2}.Release|ARM64.Build.0 = Release|ARM64
		{02CC77EF-9405-4CFC-BE0C-EF888B177CC2}.Release|ARM64.Deploy.0 = Release|ARM64
		{6063A33F-21AC-48DB-BFF8-0F5F660CB7AC}.Debug|Win32.ActiveCfg = Debug|Win32
		{6063A33F-21AC-48DB-BFF8-0F5F660CB7AC}.Debug|Win32.Build.0 = Debug|Win32
		{6063A33F-21AC-48DB-BFF8-0F5F660CB7AC}.Debug|Win32.Deploy.0 = Debug|Win32
		{6063A33F-21AC-48DB-BFF8-0F5F660CB7AC}.Debug|x64.ActiveCfg = Debug|x64
		{6063A33F-21AC-48DB-BFF8-0F5F660CB7AC}.Debug|x64.Build.0 = Debug|x64
		{6063A33F-21AC-48DB-BFF8-0F5F660CB7AC}.Debug|x64.Deploy.0 = Debug|x64
		{6063A33F-21AC-48DB-BFF8-0F5F660CB7AC}.Debug|ARM64.ActiveCfg = Debug|ARM64
		{6063A33F-21AC-48DB-BFF8-0F5F660CB7AC}.Debug|ARM64.Build.0 = Debug|ARM64
		{6063A33F-21AC-48DB-BFF8-0F5F660CB7AC}.Debug|ARM64.Deploy.0 = Debug|ARM64
		{6063A33F-21AC-48DB-BFF8-0F5F660CB7AC}.Release|Win32.ActiveCfg = Release|Win32
		{6063A33F-21AC-48DB-BFF8-0F5F660CB7AC}.Release|Win32.Build.0 = Release|Win32
		{6063A33F-21AC-48DB-BFF8-0F5F660CB7AC}.Release|Win32.Deploy.0 = Release|Win32
		{6063A33F-21AC-48DB-BFF8-0F5F660CB7AC}.Release|x64.ActiveCfg = Release|x64
		{6063A33F-21AC-48DB-BFF8-0F5F660CB7AC}.Release|x64.Build.0 = Release|x64
		{6063A33F-21AC-48DB-BFF8-0F5F660CB7AC}.Release|x64.Deploy.0 = Release|x64
		{6063A33F-21AC-48DB-BFF8-0F5F660CB7AC}.Release|ARM64.ActiveCfg = Release|ARM64
		{6063A33F-21AC-48DB-BFF8-0F5F660CB7AC}.Release|ARM64.Build.0 = Release|ARM64
		{6063A33F-21AC-48DB-BFF8-0F5F660CB7AC}.Release|ARM64.Deploy.0 = Release|ARM64
		{20DBB12E-30A0-4E55-90F7-C23BBF427447}.Debug|Win32.ActiveCfg = Debug|Win32
		{20DBB12E-30A0-4E55-90F7-C23BBF427447}.Debug|Win32.Build.0 = Debug|Win32
		{20DBB12E-30A0-4E55-90F7-C23BBF427447}.Debug|Win32.Deploy.0 = Debug|Win32
		{20DBB12E-30A0-4E55-90F7-C23BBF427447}.Debug|x64.ActiveCfg = Debug|x64
		{20DBB12E-30A0-4E55-90F7-C23BBF427447}.Debug|x64.Build.0 = Debug|x64
		{20DBB12E-30A0-4E55-90F7-C23BBF427447}.Debug|x64.Deploy.0 = Debug|x64
		{20DBB12E-30A0-4E55-90F7-C23BBF427447}.Debug|ARM64.ActiveCfg = Debug|ARM64
		{20DBB12E-30A0-4E55-90F7-C23BBF427447}.Debug|ARM64.Build.0 = Debug|ARM64
		{20DBB12E-30A0-4E55-90F7-C23BBF427447}.Debug|ARM64.Deploy.0 = Debug|ARM64
		{20DBB12E-30A0-4E55-90F7-C23BBF427447}.Release|Win32.ActiveCfg = Release|Win32
		{20DBB12E-30A0-4E55-90F7-C23BBF427447}.Release|Win32.Build.0 = Release|Win32
		{20DBB12E-30A0-4E55-90F7-C23BBF427447}.Release|Win32.Deploy.0 = Release|Win32
		{20DBB12E-30A0-4E55-90F7-C23BBF427447}.Release|x64.ActiveCfg = Release|x64
		{20DBB12E-30A0-4E55-90F7-C23BBF427447}.Release|x64.Build.0 = Release|x64
		{20DBB12E-30A0-4E55-90F7-C23BBF427447}.Release|x64.Deploy.0 = Release|x64
		{20DBB12E-30A0-4E55-90F7-C23BBF427447}.Release|ARM64.ActiveCfg = Release|ARM64
		{20DBB12E-30A0-4E55-90F7-C23BBF427447}.Release|ARM64.Build.0 = Release|ARM64
		{20DBB12E-30A0-4E55-90F7-C23BBF427447}.Release|ARM64.Deploy.0 = Release|ARM64
		{CE07A949-82FE-4B0B-AF5C-007ADF50CADF}.Debug|Win32.ActiveCfg = Debug|Win32
		{CE07A949-82FE-4B0B-AF5C-007ADF50CADF}.Debug|Win32.Build.0 = Debug|Win32
		{CE07A949-82FE-4B0B-AF5C-007ADF50CADF}.Debug|Win32.Deploy.0 = Debug|Win32
		{CE07A949-82FE-4B0B-AF5C-007ADF50CADF}.Debug|x64.ActiveCfg = Debug|x64
		{CE07A949-82FE-4B0B-AF5C-007ADF50CADF}.Debug|x64.Build.0 = Debug|x64
		{CE07A949-82FE-4B0B-AF5C-007ADF50CADF}.Debug|x64.Deploy.0 = Debug|x64
		{CE07A949-82FE-4B0B-AF5C-007ADF50CADF}.Debug|ARM64.ActiveCfg = Debug|ARM64
		{CE07A949-82FE-4B0B-AF5C-007ADF50CADF}.Debug|ARM64.Build.0 = Debug|ARM64
		{CE07A949-82FE-4B0B-AF5C-007ADF50CADF}.Debug|ARM64.Deploy.0 = Debug|ARM64
		{CE07A949-82FE-4B0B-AF5C-007ADF50CADF}.Release|Win32.ActiveCfg = Release|Win32
		{CE07A949-82FE-4B0B-AF5C-007ADF50CADF}.Release|Win32.Build.0 = Release|Win32
		{CE07A949-82FE-4B0B-AF5C-007ADF50CADF}.Release|Win32.Deploy.0 = Release|Win32
		{CE07A949-82FE-4B0B-AF5C-007ADF50CADF}.Release|x64.ActiveCfg = Release|x64
		{CE07A949-82FE-4B0B-AF5C-007ADF50CADF}.Release|x64.Build.0 = Release|x64
		{CE07A949-82FE-4B0B-AF5C-007ADF50CADF}.Release|x64.Deploy.0 = Release|x64
		{CE07A949-82FE-4B0B-AF5C-007ADF50CADF}.Release|ARM64.ActiveCfg = Release|ARM64
		{CE07A949-82FE-4B0B-AF5C-007ADF50CADF}.Release|ARM64.Build.0 = Release|ARM64
		{CE07A949-82FE-4B0B-AF5C-007ADF50CADF}.Release|ARM64.Deploy.0 = Release|ARM64
		{24156238-E7D4-42FC-AB78-75760AF8D6E5}.Debug|Win32.ActiveCfg = Debug|Win32
		{24156238-E7D4-42FC-AB78-75760AF8D6E5}.Debug|Win32.Build.0 = Debug|Win32
		{24156238-E7D4-42FC-AB78-75760AF8D6E5}.Debug|Win32.Deploy.0 = Debug|Win32
		{24156238-E7D4-42FC-AB78-75760AF8D6E5}.Debug|x64.ActiveCfg = Debug|x64
		{24156238-E7D4-42FC-AB78-75760AF8D6E5}.Debug|x64.Build.0 = Debug|x64
		{24156238-E7D4-42FC-AB78-75760AF8D6E5}.Debug|x64.Deploy.0 = Debug|x64
		{24156238-E7D4-42FC-AB78-75760AF8D6E5}.Debug|ARM64.ActiveCfg = Debug|ARM64
		{24156238-E7D4-42FC-AB78-75760AF8D6E5}.Debug|ARM64.Build.0 = Debug|ARM64
		{24156238-E7D4-42FC-AB78-75760AF8D6E5}.Debug|ARM64.Deploy.0 = Debug|ARM64
		{24156238-E7D4-42FC-AB78-75760AF8D6E5}.Release|Win32.ActiveCfg = Release|Win32
		{24156238-E7D4-42FC-AB78-75760AF8D6E5}.Release|Win32.Build.0 = Release|Win32
		{24156238-E7D4-42FC-AB78-75760AF8D6E5}.Release|Win32.Deploy.0 = Release|Win32
		{24156238-E7D4-42FC-AB78-75760AF8D6E5}.Release|x64.ActiveCfg = Release|x64
		{24156238-E7D4-42FC-AB78-75760AF8D6E5}.Release|x64.Build.0 = Release|x64
		{24156238-E7D4-42FC-AB78-75760AF8D6E5}.Release|x64.Deploy.0 = Release|x64
		{24156238-E7D4-42FC-AB78-75760AF8D6E5}.Release|ARM64.ActiveCfg = Release|ARM64
		{24156238-E7D4-42FC-AB78-75760AF8D6E5}.Release|ARM64.Build.0 = Release|ARM64
		{24156238-E7D4-42FC-AB78-75760AF8D6E5}.Release|ARM64.Deploy.0 = Release|ARM64
		{0A880AB1-C1A8-4C36-9546-516E968457DA}.Debug|Win32.ActiveCfg = Debug|Win32
		{0A880AB1-C1A8-4C36-9546-516E968457DA}.Debug|Win32.Build.0 = Debug|Win32
		{0A880AB1-C1A8-4C36-9546-516E968457DA}.Debug|Win32.Deploy.0 = Debug|Win32
		{0A880AB1-C1A8-4C36-9546-516E968457DA}.Debug|x64.ActiveCfg = Debug|x64
		{0A880AB1-C1A8-4C36-9546-516E968457DA}.Debug|x64.Build.0 = Debug|x64
		{0A880AB1-C1A8-4C36-9546-516E968457DA}.Debug|x64.Deploy.0 = Debug|x64
		{0A880AB1-C1A8-4C36-9546-516E968457DA}.Debug|ARM64.ActiveCfg = Debug|ARM64
		{0A880AB1-C1A8-4C36-9546-516E968457DA}.Debug|ARM64.Build.0 = Debug|ARM64
		{0A880AB1-C1A8-4C36-9546-516E968457DA}.Debug|ARM64.Deploy.0 = Debug|ARM64
		{0A880AB1-C1A8-4C36-9546-516E968457DA}.Release|Win32.ActiveCfg = Release|Win32
		{0A880AB1-C1A8-4C36-9546-516E968457DA}.Release|Win32.Build.0 = Release|Win32
		{0A880AB1-C1A8-4C36-9546-516E968457DA}.Release|Win32.Deploy.0 = Release|Win32
		{0A880AB1-C1A8-4C36-9546-516E968457DA}.Release|x64.ActiveCfg = Release|x64
		{0A880AB1-C1A8-4C36-9546-516E968457DA}.Release|x64.Build.0 = Release|x64
		{0A880AB1-C1A8-4C36-9546-516E968457DA}.Release|x64.Deploy.0 = Release|x64
		{0A880AB1-C1A8-4C36-9546-516E968457DA}.Release|ARM64.ActiveCfg = Release|ARM64
		{0A880AB1-C1A8-4C36-9546-516E968457DA}.Release|ARM64.Build.0 = Release|ARM64
		{0A880AB1-C1A8-4C36-9546-516E968457DA}.Release|ARM64.Deploy.0 = Release|ARM64
		{5A6A85DB-664C-462F-8CF4-452B56718717}.Debug|Win32.ActiveCfg = Debug|Win32
		{5A6A85DB-664C-462F-8CF4-452B56718717}.Debug|Win32.Build.0 = Debug|Win32
		{5A6A85DB-664C-462F-8CF4-452B56718717}.Debug|Win32.Deploy.0 = Debug|Win32
		{5A6A85DB-664C-462F-8CF4-452B56718717}.Debug|x64.ActiveCfg = Debug|x64
		{5A6A85DB-664C-462F-8CF4-452B56718717}.Debug|x64.Build.0 = Debug|x64
		{5A6A85DB-664C-462F-8CF4-452B56718717}.Debug|x64.Deploy.0 = Debug|x64
		{5A6A85DB-664C-462F-8CF4-452B56718717}.Debug|ARM64.ActiveCfg = Debug|ARM64
		{5A6A85DB-664C-462F-8CF4-452B56718717}.Debug|ARM64.Build.0 = Debug|ARM64
		{5A6A85DB-664C-462F-8CF4-452B56718717}.Debug|ARM64.Deploy.0 = Debug|ARM64
		{5A6A85DB-664C-462F-8CF4-452B56718717}.Release|Win32.ActiveCfg = Release|Win32
		{5A6A85DB-664C-462F-8CF4-452B56718717}.Release|Win32.Build.0 = Release|Win32
		{5A6A85DB-664C-462F-8CF4-452B56718717}.Release|Win32.Deploy.0 = Release|Win32
		{5A6A85DB-664C-462F-8CF4-452B56718717}.Release|x64.ActiveCfg = Release|x64
		{5A6A85DB-664C-462F-8CF4-452B56718717}.Release|x64.Build.0 = Release|x64
		{5A6A85DB-664C-462F-8CF4-452B56718717}.Release|x64.Deploy.0 = Release|x64
		{5A6A85DB-664C-462F-8CF4-452B56718717}.Release|ARM64.ActiveCfg = Release|ARM64
		{5A6A85DB-664C-462F-8CF4-452B56718717}.Release|ARM64.Build.0 = Release|ARM64
		{5A6A85DB-664C-462F-8CF4-452B56718717}.Release|ARM64.Deploy.0 = Release|ARM64
		{9ACE256A-725F-4AA9-8F0D-42CEDC008E40}.Debug|Win32.ActiveCfg = Debug|Win32
		{9ACE256A-725F-4AA9-8F0D-42CEDC008E40}.Debug|Win32.Build.0 = Debug|Win32
		{9ACE256A-725F-4AA9-8F0D-42CEDC008E40}.Debug|Win32.Deploy.0 = Debug|Win32
		{9ACE256A-725F-4AA9-8F0D-42CEDC008E40}.Debug|x64.ActiveCfg = Debug|x64
		{9ACE256A-725F-4AA9-8F0D-42CEDC008E40}.Debug|x64.Build.0 = Debug|x64
		{9ACE256A-725F-4AA9-8F0D-42CEDC008E40}.Debug|x64.Deploy.0 = Debug|x64
		{9ACE256A-725F-4AA9-8F0D-42CEDC008E40}.Debug|ARM64.ActiveCfg = Debug|ARM64
		{9ACE256A-725F-4AA9-8F0D-42CEDC008E40}.Debug|ARM64.Build.0 = Debug|ARM64
		{9ACE256A-725F-4AA9-8F0D-42CEDC008E40}.Debug|ARM64.Deploy.0 = Debug|ARM64
		{9ACE256A-725F-4AA9-8F0D-42CEDC008E40}.Release|Win32.ActiveCfg = Release|Win32
		{9ACE256A-725F-4AA9-8F0D-42CEDC008E40}.Release|Win32.Build.0 = Release|Win32
		{9ACE256A-725F-4AA9-8F0D-42CEDC008E40}.Release|Win32.Deploy.0 = Release|Win32
		{9ACE256A-725F-4AA9-8F0D-42CEDC008E40}.Release|x64.ActiveCfg = Release|x64
		{9ACE256A-725F-4AA9-8F0D-42CEDC008E40}.Release|x64.Build.0 = Release|x64
		{9ACE256A-725F-4AA9-8F0D-42CEDC008E40}.Release|x64.Deploy.0 = Release|x64
		{9ACE256A-725F-4AA9-8F0D-42CEDC008E40}.Release|ARM64.ActiveCfg = Release|ARM64
		{9ACE256A-725F-4AA9-8F0D-42CEDC008E40}.Release|ARM64.Build.0 = Release|ARM64
		{9ACE256A-725F-4AA9-8F0D-42CEDC008E40}.Release|ARM64.Deploy.0 = Release|ARM64
		{944D8A17-371A-47E4-9400-164AFD10C9A2}.Debug|Win32.ActiveCfg = Debug|Win32
		{944D8A17-371A-47E4-9400-164AFD10C9A2}.Debug|Win32.Build.0 = Debug|Win32
		{944D8A17-371A-47E4-9400-164AFD10C9A2}.Debug|Win32.Deploy.0 = Debug|Win32
		{944D8A17-371A-47E4-9400-164AFD10C9A2}.Debug|x64.ActiveCfg = Debug|x64
		{944D8A17-371A-47E4-9400-164AFD10C9A2}.Debug|x64.Build.0 = Debug|x64
		{944D8A17-371A-47E4-9400-164AFD10C9A2}.Debug|x64.Deploy.0 = Debug|x64
		{944D8A17-371A-47E4-9400-164AFD10C9A2}.Debug|ARM64.ActiveCfg = Debug|ARM64
		{944D8A17-371A-47E4-9400-164AFD10C9A2}.Debug|ARM64.Build.0 = Debug|ARM64
		{944D8A17-371A-47E4-9400-164AFD10C9A2}.Debug|ARM64.Deploy.0 = Debug|ARM64
		{944D8A17-371A-47E4-9400-164AFD10C9A2}.Release|Win32.ActiveCfg = Release|Win32
		{944D8A17-371A-47E4-9400-164AFD10C9A2}.Release|Win32.Build.0 = Release|Win32
		{944D8A17-371A-47E4-9400-164AFD10C9A2}.Release|Win32.Deploy.0 = Release|Win32
		{944D8A17-371A-47E4-9400-164AFD10C9A2}.Release|x64.ActiveCfg = Release|x64
		{944D8A17-371A-47E4-9400-164AFD10C9A2}.Release|x64.Build.0 = Release|x64
		{944D8A17-371A-47E4-9400-164AFD10C9A2}.Release|x64.Deploy.0 = Release|x64
		{944D8A17-371A-47E4-9400-164AFD10C9A2}.Release|ARM64.ActiveCfg = Release|ARM64
		{944D8A17-371A-47E4-9400-164AFD10C9A2}.Release|ARM64.Build.0 = Release|ARM64
		{944D8A17-371A-47E4-9400-164AFD10C9A2}.Release|ARM64.Deploy.0 = Release|ARM64
		{E4475AD9-8E71-43F0-A9AA-7A8629EF316F}.Debug|Win32.ActiveCfg = Debug|Win32
		{E4475AD9-8E71-43F0-A9AA-7A8629EF316F}.Debug|Win32.Build.0 = Debug|Win32
		{E4475AD9-8E71-43F0-A9AA-7A8629EF316F}.Debug|Win32.Deploy.0 = Debug|Win32
		{E4475AD9-8E71-43F0-A9AA-7A8629EF316F}.Debug|x64.ActiveCfg = Debug|x64
		{E4475AD9-8E71-43F0-A9AA-7A8629EF316F}.Debug|x64.Build.0 = Debug|x64
		{E4475AD9-8E71-43F0-A9AA-7A8629EF316F}.Debug|x64.Deploy.0 = Debug|x64
		{E4475AD9-8E71-43F0-A9AA-7A8629EF316F}.Debug|ARM64.ActiveCfg = Debug|ARM64
		{E4475AD9-8E71-43F0-A9AA-7A8629EF316F}.Debug|ARM64.Build.0 = Debug|ARM64
		{E4475AD9-8E71-43F0-A9AA-7A8629EF316F}.Debug|ARM64.Deploy.0 = Debug|ARM64
		{E4475AD9-8E71-43F0-A9AA-7A8629EF316F}.Release|Win32.ActiveCfg = Release|Win32
		{E4475AD9-8E71-43F0-A9AA-7A8629EF316F}.Release|Win32.Build.0 = Release|Win32
		{E4475AD9-8E71-43F0-A9AA-7A8629EF316F}.Release|Win32.Deploy.0 = Release|Win32
		{E4475AD9-8E71-43F0-A9AA-7A8629EF316F}.Release|x64.ActiveCfg = Release|x64
		{E4475AD9-8E71-43F0-A9AA-7A8629EF316F}.Release|x64.Build.0 = Release|x64
		{E4475AD9-8E71-43F0-A9AA-7A8629EF316F}.Release|x64.Deploy.0 = Release|x64
		{E4475AD9-8E71-43F0-A9AA-7A8629EF316F}.Release|ARM64.ActiveCfg = Release|ARM64
		{E4475AD9-8E71-43F0-A9AA-7A8629EF316F}.Release|ARM64.Build.0 = Release|ARM64
		{E4475AD9-8E71-43F0-A9AA-7A8629EF316F}.Release|ARM64.Deploy.0 = Release|ARM64
		{5B4D881A-8EFD-44DF-97E1-5CD2C44A63E3}.Debug|Win32.ActiveCfg = Debug|Win32
		{5B4D881A-8EFD-44DF-97E1-5CD2C44A63E3}.Debug|Win32.Build.0 = Debug|Win32
		{5B4D881A-8EFD-44DF-97E1-5CD2C44A63E3}.Debug|Win32.Deploy.0 = Debug|Win32
		{5B4D881A-8EFD-44DF-97E1-5CD2C44A63E3}.Debug|x64.ActiveCfg = Debug|x64
		{5B4D881A-8EFD-44DF-97E1-5CD2C44A63E3}.Debug|x64.Build.0 = Debug|x64
		{5B4D881A-8EFD-44DF-97E1-5CD2C44A63E3}.Debug|x64.Deploy.0 = Debug|x64
		{5B4D881A-8EFD-44DF-97E1-5CD2C44A63E3}.Debug|ARM64.ActiveCfg = Debug|ARM64
		{5B4D881A-8EFD-44DF-97E1-5CD2C44A63E3}.Debug|ARM64.Build.0 = Debug|ARM64
		{5B4D881A-8EFD-44DF-97E1-5CD2C44A63E3}.Debug|ARM64.Deploy.0 = Debug|ARM64
		{5B4D881A-8EFD-44DF-97E1-5CD2C44A63E3}.Release|Win32.ActiveCfg = Release|Win32
		{5B4D881A-8EFD-44DF-97E1-5CD2C44A63E3}.Release|Win32.Build.0 = Release|Win32
		{5B4D881A-8EFD-44DF-97E1-5CD2C44A63E3}.Release|Win32.Deploy.0 = Release|Win32
		{5B4D881A-8EFD-44DF-97E1-5CD2C44A63E3}.Release|x64.ActiveCfg = Release|x64
		{5B4D881A-8EFD-44DF-97E1-5CD2C44A63E3}.Release|x64.Build.0 = Release|x64
		{5B4D881A-8EFD-44DF-97E1-5CD2C44A63E3}.Release|x64.Deploy.0 = Release|x64
		{5B4D881A-8EFD-44DF-97E1-5CD2C44A63E3}.Release|ARM64.ActiveCfg = Release|ARM64
		{5B4D881A-8EFD-44DF-97E1-5CD2C44A63E3}.Release|ARM64.Build.0 = Release|ARM64
		{5B4D881A-8EFD-44DF-97E1-5CD2C44A63E3}.Release|ARM64.Deploy.0 = Release|ARM64
		{E295CC9C-DA7A-43C7-8E15-B076532A2D19}.Debug|Win32.ActiveCfg = Debug|Win32
		{E295CC9C-DA7A-43C7-8E15-B076532A2D19}.Debug|Win32.Build.0 = Debug|Win32
		{E295CC9C-DA7A-43C7-8E15-B076532A2D19}.Debug|Win32.Deploy.0 = Debug|Win32
		{E295CC9C-DA7A-43C7-8E15-B076532A2D19}.Debug|x64.ActiveCfg = Debug|x64
		{E295CC9C-DA7A-43C7-8E15-B076532A2D19}.Debug|x64.Build.0 = Debug|x64
		{E295CC9C-DA7A-43C7-8E15-B076532A2D19}.Debug|x64.Deploy.0 = Debug|x64
		{E295CC9C-DA7A-43C7-8E15-B076532A2D19}.Debug|ARM64.ActiveCfg = Debug|ARM64
		{E295CC9C-DA7A-43C7-8E15-B076532A2D19}.Debug|ARM64.Build.0 = Debug|ARM64
		{E295CC9C-DA7A-43C7-8E15-B076532A2D19}.Debug|ARM64.Deploy.0 = Debug|ARM64
		{E295CC9C-DA7A-43C7-8E15-B076532A2D19}.Release|Win32.ActiveCfg = Release|Win32
		{E295CC9C-DA7A-43C7-8E15-B076532A2D19}.Release|Win32.Build.0 = Release|Win32
		{E295CC9C-DA7A-43C7-8E15-B076532A2D19}.Release|Win32.Deploy.0 = Release|Win32
		{E295CC9C-DA7A-43C7-8E15-B076532A2D19}.Release|x64.ActiveCfg = Release|x64
		{E295CC9C-DA7A-43C7-8E15-B076532A2D19}.Release|x64.Build.0 = Release|x64
		{E295CC9C-DA7A-43C7-8E15-B076532A2D19}.Release|x64.Deploy.0 = Release|x64
		{E295CC9C-DA7A-43C7-8E15-B076532A2D19}.Release|ARM64.ActiveCfg = Release|ARM64
		{E295CC9C-DA7A-43C7-8E15-B076532A2D19}.Release|ARM64.Build.0 = Release|ARM64
		{E295CC9C-DA7A-43C7-8E15-B076532A2D19}.Release|ARM64.Deploy.0 = Release|ARM64
		{F3B99F2D-834E-4691-B268-385DA9A7E674}.Debug|Win32.ActiveCfg = Debug|Win32
		{F3B99F2D-834E-4691-B268-385DA9A7E674}.Debug|Win32.Build.0 = Debug|Win32
		{F3B99F2D-834E-4691-B268-385DA9A7E674}.Debug|Win32.Deploy.0 = Debug|Win32
		{F3B99F2D-834E-4691-B268-385DA9A7E674}.Debug|x64.ActiveCfg = Debug|x64
		{F3B99F2D-834E-4691-B268-385DA9A7E674}.Debug|x64.Build.0 = Debug|x64
		{F3B99F2D-834E-4691-B268-385DA9A7E674}.Debug|x64.Deploy.0 = Debug|x64
		{F3B99F2D-834E-4691-B268-385DA9A7E674}.Debug|ARM64.ActiveCfg = Debug|ARM64
		{F3B99F2D-834E-4691-B268-385DA9A7E674}.Debug|ARM64.Build.0 = Debug|ARM64
		{F3B99F2D-834E-4691-B268-385DA9A7E674}.Debug|ARM64.Deploy.0 = Debug|ARM64
		{F3B99F2D-834E-4691-B268-385DA9A7E674}.Release|Win32.ActiveCfg = Release|Win32
		{F3B99F2D-834E-4691-B268-385DA9A7E674}.Release|Win32.Build.0 = Release|Win32
		{F3B99F2D-834E-4691-B268-385DA9A7E674}.Release|Win32.Deploy.0 = Release|Win32
		{F3B99F2D-834E-4691-B268-385DA9A7E674}.Release|x64.ActiveCfg = Release|x64
		{F3B99F2D-834E-4691-B268-385DA9A7E674}.Release|x64.Build.0 = Release|x64
		{F3B99F2D-834E-4691-B268-385DA9A7E674}.Release|x64.Deploy.0 = Release|x64
		{F3B99F2D-834E-4691-B268-385DA9A7E674}.Release|ARM64.ActiveCfg = Release|ARM64
		{F3B99F2D-834E-4691-B268-385DA9A7E674}.Release|ARM64.Build.0 = Release|ARM64
		{F3B99F2D-834E-4691-B268-385DA9A7E674}.Release|ARM64.Deploy.0 = Release|ARM64
		{FE2726F5-2F06-42F0-8652-88A60A369542}.Debug|Win32.ActiveCfg = Debug|Win32
		{FE2726F5-2F06-42F0-8652-88A60A369542}.Debug|Win32.Build.0 = Debug|Win32
		{FE2726F5-2F06-42F0-8652-88A60A369542}.Debug|Win32.Deploy.0 = Debug|Win32
		{FE2726F5-2F06-42F0-8652-88A60A369542}.Debug|x64.ActiveCfg = Debug|x64
		{FE2726F5-2F06-42F0-8652-88A60A369542}.Debug|x64.Build.0 = Debug|x64
		{FE2726F5-2F06-42F0-8652-88A60A369542}.Debug|x64.Deploy.0 = Debug|x64
		{FE2726F5-2F06-42F0-8652-88A60A369542}.Debug|ARM64.ActiveCfg = Debug|ARM64
		{FE2726F5-2F06-42F0-8652-88A60A369542}.Debug|ARM64.Build.0 = Debug|ARM64
		{FE2726F5-2F06-42F0-8652-88A60A369542}.Debug|ARM64.Deploy.0 = Debug|ARM64
		{FE2726F5-2F06-42F0-8652-88A60A369542}.Release|Win32.ActiveCfg = Release|Win32
		{FE2726F5-2F06-42F0-8652-88A60A369542}.Release|Win32.Build.0 = Release|Win32
		{FE2726F5-2F06-42F0-8652-88A60A369542}.Release|Win32.Deploy.0 = Release|Win32
		{FE2726F5-2F06-42F0-8652-88A60A369542}.Release|x64.ActiveCfg = Release|x64
		{FE2726F5-2F06-42F0-8652-88A60A369542}.Release|x64.Build.0 = Release|x64
		{FE2726F5-2F06-42F0-8652-88A60A369542}.Release|x64.Deploy.0 = Release|x64
		{FE2726F5-2F06-42F0-8652-88A60A369542}.Release|ARM64.ActiveCfg = Release|ARM64
		{FE2726F5-2F06-42F0-8652-88A60A369542}.Release|ARM64.Build.0 = Release|ARM64
		{FE2726F5-2F06-42F0-8652-88A60A369542}.Release|ARM64.Deploy.0 = Release|ARM64
		{9B0C675B-0B1F-4F27-AD9E-54F3B39254A7}.Debug|Win32.ActiveCfg = Debug|Win32
		{9B0C675B-0B1F-4F27-AD9E-54F3B39254A7}.Debug|Win32.Build.0 = Debug|Win32
		{9B0C675B-0B1F-4F27-AD9E-54F3B39254A7}.Debug|Win32.Deploy.0 = Debug|Win32
		{9B0C675B-0B1F-4F27-AD9E-54F3B39254A7}.Debug|x64.ActiveCfg = Debug|x64
		{9B0C675B-0B1F-4F27-AD9E-54F3B39254A7}.Debug|x64.Build.0 = Debug|x64
		{9B0C675B-0B1F-4F27-AD9E-54F3B39254A7}.Debug|x64.Deploy.0 = Debug|x64
		{9B0C675B-0B1F-4F27-AD9E-54F3B39254A7}.Debug|ARM64.ActiveCfg = Debug|ARM64
		{9B0C675B-0B1F-4F27-AD9E-54F3B39254A7}.Debug|ARM64.Build.0 = Debug|ARM64
		{9B0C675B-0B1F-4F27-AD9E-54F3B39254A7}.Debug|ARM64.Deploy.0 = Debug|ARM64
		{9B0C675B-0B1F-4F27-AD9E-54F3B39254A7}.Release|Win32.ActiveCfg = Release|Win32
		{9B0C675B-0B1F-4F27-AD9E-54F3B39254A7}.Release|Win32.Build.0 = Release|Win32
		{9B0C675B-0B1F-4F27-AD9E-54F3B39254A7}.Release|Win32.Deploy.0 = Release|Win32
		{9B0C675B-0B1F-4F27-AD9E-54F3B39254A7}.Release|x64.ActiveCfg = Release|x64
		{9B0C675B-0B1F-4F27-AD9E-54F3B39254A7}.Release|x64.Build.0 = Release|x64
		{9B0C675B-0B1F-4F27-AD9E-54F3B39254A7}.Release|x64.Deploy.0 = Release|x64
		{9B0C675B-0B1F-4F27-AD9E-54F3B39254A7}.Release|ARM64.ActiveCfg = Release|ARM64
		{9B0C675B-0B1F-4F27-AD9E-54F3B39254A7}.Release|ARM64.Build.0 = Release|ARM64
		{9B0C675B-0B1F-4F27-AD9E-54F3B39254A7}.Release|ARM64.Deploy.0 = Release|ARM64
		{A37D13EA-1AE7-4888-91D9-0897C09C8098}.Debug|Win32.ActiveCfg = Debug|Win32
		{A37D13EA-1AE7-4888-91D9-0897C09C8098}.Debug|Win32.Build.0 = Debug|Win32
		{A37D13EA-1AE7-4888-91D9-0897C09C8098}.Debug|Win32.Deploy.0 = Debug|Win32
		{A37D13EA-1AE7-4888-91D9-0897C09C8098}.Debug|x64.ActiveCfg = Debug|x64
		{A37D13EA-1AE7-4888-91D9-0897C09C8098}.Debug|x64.Build.0 = Debug|x64
		{A37D13EA-1AE7-4888-91D9-0897C09C8098}.Debug|x64.Deploy.0 = Debug|x64
		{A37D13EA-1AE7-4888-91D9-0897C09C8098}.Debug|ARM64.ActiveCfg = Debug|ARM64
		{A37D13EA-1AE7-4888-91D9-0897C09C8098}.Debug|ARM64.Build.0 = Debug|ARM64
		{A37D13EA-1AE7-4888-91D9-0897C09C8098}.Debug|ARM64.Deploy.0 = Debug|ARM64
		{A37D13EA-1AE7-4888-91D9-0897C09C8098}.Release|Win32.ActiveCfg = Release|Win32
		{A37D13EA-1AE7-4888-91D9-0897C09C8098}.Release|Win32.Build.0 = Release|Win32
		{A37D13EA-1AE7-4888-91D9-0897C09C8098}.Release|Win32.Deploy.0 = Release|Win32
		{A37D13EA-1AE7-4888-91D9-0897C09C8098}.Release|x64.ActiveCfg = Release|x64
		{A37D13EA-1AE7-4888-91D9-0897C09C8098}.Release|x64.Build.0 = Release|x64
		{A37D13EA-1AE7-4888-91D9-0897C09C8098}.Release|x64.Deploy.0 = Release|x64
		{A37D13EA-1AE7-4888-91D9-0897C09C8098}.Release|ARM64.ActiveCfg = Release|ARM64
		{A37D13EA-1AE7-4888-91D9-0897C09C8098}.Release|ARM64.Build.0 = Release|ARM64
		{A37D13EA-1AE7-4888-91D9-0897C09C8098}.Release|ARM64.Deploy.0 = Release|ARM64
		{0B8C6F93-B1CF-4F86-A00D-A5AB8433FF60}.Debug|Win32.ActiveCfg = Debug|Win32
		{0B8C6F93-B1CF-4F86-A00D-A5AB8433FF60}.Debug|Win32.Build.0 = Debug|Win32
		{0B8C6F93-B1CF-4F86-A00D-A5AB8433FF60}.Debug|Win32.Deploy.0 = Debug|Win32
		{0B8C6F93-B1CF-4F86-A00D-A5AB8433FF60}.Debug|x64.ActiveCfg = Debug|x64
		{0B8C6F93-B1CF-4F86-A00D-A5AB8433FF60}.Debug|x64.Build.0 = Debug|x64
		{0B8C6F93-B1CF-4F86-A00D-A5AB8433FF60}.Debug|x64.Deploy.0 = Debug|x64
		{0B8C6F93-B1CF-4F86-A00D-A5AB8433FF60}.Debug|ARM64.ActiveCfg = Debug|ARM64
		{0B8C6F93-B1CF-4F86-A00D-A5AB8433FF60}.Debug|ARM64.Build.0 = Debug|ARM64
		{0B8C6F93-B1CF-4F86-A00D-A5AB8433FF60}.Debug|ARM64.Deploy.0 = Debug|ARM64
		{0B8C6F93-B1CF-4F86-A00D-A5AB8433FF60}.Release|Win32.ActiveCfg = Release|Win32
		{0B8C6F93-B1CF-4F86-A00D-A5AB8433FF60}.Release|Win32.Build.0 = Release|Win32
		{0B8C6F93-B1CF-4F86-A00D-A5AB8433FF60}.Release|Win32.Deploy.0 = Release|Win32
		{0B8C6F93-B1CF-4F86-A00D-A5AB8433FF60}.Release|x64.ActiveCfg = Release|x64
		{0B8C6F93-B1CF-4F86-A00D-A5AB8433FF60}.Release|x64.Build.0 = Release|x64
		{0B8C6F93-B1CF-4F86-A00D-A5AB8433FF60}.Release|x64.Deploy.0 = Release|x64
		{0B8C6F93-B1CF-4F86-A00D-A5AB8433FF60}.Release|ARM64.ActiveCfg = Release|ARM64
		{0B8C6F93-B1CF-4F86-A00D-A5AB8433FF60}.Release|ARM64.Build.0 = Release|ARM64
		{0B8C6F93-B1CF-4F86-A00D-A5AB8433FF60}.Release|ARM64.Deploy.0 = Release|ARM64
		{532321AC-C13F-4748-A550-1DBEE9C3ED91}.Debug|Win32.ActiveCfg = Debug|Win32
		{532321AC-C13F-4748-A550-1DBEE9C3ED91}.Debug|Win32.Build.0 = Debug|Win32
		{532321AC-C13F-4748-A550-1DBEE9C3ED91}.Debug|Win32.Deploy.0 = Debug|Win32
		{532321AC-C13F-4748-A550-1DBEE9C3ED91}.Debug|x64.ActiveCfg = Debug|x64
		{532321AC-C13F-4748-A550-1DBEE9C3ED91}.Debug|x64.Build.0 = Debug|x64
		{532321AC-C13F-4748-A550-1DBEE9C3ED91}.Debug|x64.Deploy.0 = Debug|x64
		{532321AC-C13F-4748-A550-1DBEE9C3ED91}.Debug|ARM64.ActiveCfg = Debug|ARM64
		{532321AC-C13F-4748-A550-1DBEE9C3ED91}.Debug|ARM64.Build.0 = Debug|ARM64
		{532321AC-C13F-4748-A550-1DBEE9C3ED91}.Debug|ARM64.Deploy.0 = Debug|ARM64
		{532321AC-C13F-4748-A550-1DBEE9C3ED91}.Release|Win32.ActiveCfg = Release|Win32
		{532321AC-C13F-4748-A550-1DBEE9C3ED91}.Release|Win32.Build.0 = Release|Win32
		{532321AC-C13F-4748-A550-1DBEE9C3ED91}.Release|Win32.Deploy.0 = Release|Win32
		{532321AC-C13F-4748-A550-1DBEE9C3ED91}.Release|x64.ActiveCfg = Release|x64
		{532321AC-C13F-4748-A550-1DBEE9C3ED91}.Release|x64.Build.0 = Release|x64
		{532321AC-C13F-4748-A550-1DBEE9C3ED91}.Release|x64.Deploy.0 = Release|x64
		{532321AC-C13F-4748-A550-1DBEE9C3ED91}.Release|ARM64.ActiveCfg = Release|ARM64
		{532321AC-C13F-4748-A550-1DBEE9C3ED91}.Release|ARM64.Build.0 = Release|ARM64
		{532321AC-C13F-4748-A550-1DBEE9C3ED91}.Release|ARM64.Deploy.0 = Release|ARM64
		{A5009255-45C4-4269-B44D-A06ED1FF05D5}.Debug|Win32.ActiveCfg = Debug|Win32
		{A5009255-45C4-4269-B44D-A06ED1FF05D5}.Debug|Win32.Build.0 = Debug|Win32
		{A5009255-45C4-4269-B44D-A06ED1FF05D5}.Debug|Win32.Deploy.0 = Debug|Win32
		{A5009255-45C4-4269-B44D-A06ED1FF05D5}.Debug|x64.ActiveCfg = Debug|x64
		{A5009255-45C4-4269-B44D-A06ED1FF05D5}.Debug|x64.Build.0 = Debug|x64
		{A5009255-45C4-4269-B44D-A06ED1FF05D5}.Debug|x64.Deploy.0 = Debug|x64
		{A5009255-45C4-4269-B44D-A06ED1FF05D5}.Debug|ARM64.ActiveCfg = Debug|ARM64
		{A5009255-45C4-4269-B44D-A06ED1FF05D5}.Debug|ARM64.Build.0 = Debug|ARM64
		{A5009255-45C4-4269-B44D-A06ED1FF05D5}.Debug|ARM64.Deploy.0 = Debug|ARM64
		{A5009255-45C4-4269-B44D-A06ED1FF05D5}.Release|Win32.ActiveCfg = Release|Win32
		{A5009255-45C4-4269-B44D-A06ED1FF05D5}.Release|Win32.Build.0 = Release|Win32
		{A5009255-45C4-4269-B44D-A06ED1FF05D5}.Release|Win32.Deploy.0 = Release|Win32
		{A5009255-45C4-4269-B44D-A06ED1FF05D5}.Release|x64.ActiveCfg = Release|x64
		{A5009255-45C4-4269-B44D-A06ED1FF05D5}.Release|x64.Build.0 = Release|x64
		{A5009255-45C4-4269-B44D-A06ED1FF05D5}.Release|x64.Deploy.0 = Release|x64
		{A5009255-45C4-4269-B44D-A06ED1FF05D5}.Release|ARM64.ActiveCfg = Release|ARM64
		{A5009255-45C4-4269-B44D-A06ED1FF05D5}.Release|ARM64.Build.0 = Release|ARM64
		{A5009255-45C4-4269-B44D-A06ED1FF05D5}.Release|ARM64.Deploy.0 = Release|ARM64
		{75CFBEE6-2A4B-404E-B1BA-BB7FCA037DFC}.Debug|Win32.ActiveCfg = Debug|Win32
		{75CFBEE6-2A4B-404E-B1BA-BB7FCA037DFC}.Debug|Win32.Build.0 = Debug|Win32
		{75CFBEE6-2A4B-404E-B1BA-BB7FCA037DFC}.Debug|Win32.Deploy.0 = Debug|Win32
		{75CFBEE6-2A4B-404E-B1BA-BB7FCA037DFC}.Debug|x64.ActiveCfg = Debug|x64
		{75CFBEE6-2A4B-404E-B1BA-BB7FCA037DFC}.Debug|x64.Build.0 = Debug|x64
		{75CFBEE6-2A4B-404E-B1BA-BB7FCA037DFC}.Debug|x64.Deploy.0 = Debug|x64
		{75CFBEE6-2A4B-404E-B1BA-BB7FCA037DFC}.Debug|ARM64.ActiveCfg = Debug|ARM64
		{75CFBEE6-2A4B-404E-B1BA-BB7FCA037DFC}.Debug|ARM64.Build.0 = Debug|ARM64
		{75CFBEE6-2A4B-404E-B1BA-BB7FCA037DFC}.Debug|ARM64.Deploy.0 = Debug|ARM64
		{75CFBEE6-2A4B-404E-B1BA-BB7FCA037DFC}.Release|Win32.ActiveCfg = Release|Win32
		{75CFBEE6-2A4B-404E-B1BA-BB7FCA037DFC}.Release|Win32.Build.0 = Release|Win32
		{75CFBEE6-2A4B-404E-B1BA-BB7FCA037DFC}.Release|Win32.Deploy.0 = Release|Win32
		{75CFBEE6-2A4B-404E-B1BA-BB7FCA037DFC}.Release|x64.ActiveCfg = Release|x64
		{75CFBEE6-2A4B-404E-B1BA-BB7FCA037DFC}.Release|x64.Build.0 = Release|x64
		{75CFBEE6-2A4B-404E-B1BA-BB7FCA037DFC}.Release|x64.Deploy.0 = Release|x64
		{75CFBEE6-2A4B-404E-B1BA-BB7FCA037DFC}.Release|ARM64.ActiveCfg = Release|ARM64
		{75CFBEE6-2A4B-404E-B1BA-BB7FCA037DFC}.Release|ARM64.Build.0 = Release|ARM64
		{75CFBEE6-2A4B-404E-B1BA-BB7FCA037DFC}.Release|ARM64.Deploy.0 = Release|ARM64
		{EA4F0BD4-C599-4A28-85D2-146E4BE472C4}.Debug|Win32.ActiveCfg = Debug|Win32
		{EA4F0BD4-C599-4A28-85D2-146E4BE472C4}.Debug|Win32.Build.0 = Debug|Win32
		{EA4F0BD4-C599-4A28-85D2-146E4BE472C4}.Debug|Win32.Deploy.0 = Debug|Win32
		{EA4F0BD4-C599-4A28-85D2-146E4BE472C4}.Debug|x64.ActiveCfg = Debug|x64
		{EA4F0BD4-C599-4A28-85D2-146E4BE472C4}.Debug|x64.Build.0 = Debug|x64
		{EA4F0BD4-C599-4A28-85D2-146E4BE472C4}.Debug|x64.Deploy.0 = Debug|x64
		{EA4F0BD4-C599-4A28-85D2-146E4BE472C4}.Debug|ARM64.ActiveCfg = Debug|ARM64
		{EA4F0BD4-C599-4A28-85D2-146E4BE472C4}.Debug|ARM64.Build.0 = Debug|ARM64
		{EA4F0BD4-C599-4A28-85D2-146E4BE472C4}.Debug|ARM64.Deploy.0 = Debug|ARM64
		{EA4F0BD4-C599-4A28-85D2-146E4BE472C4}.Release|Win32.ActiveCfg = Release|Win32
		{EA4F0BD4-C599-4A28-85D2-146E4BE472C4}.Release|Win32.Build.0 = Release|Win32
		{EA4F0BD4-C599-4A28-85D2-146E4BE472C4}.Release|Win32.Deploy.0 = Release|Win32
		{EA4F0BD4-C599-4A28-85D2-146E4BE472C4}.Release|x64.ActiveCfg = Release|x64
		{EA4F0BD4-C599-4A28-85D2-146E4BE472C4}.Release|x64.Build.0 = Release|x64
		{EA4F0BD4-C599-4A28-85D2-146E4BE472C4}.Release|x64.Deploy.0 = Release|x64
		{EA4F0BD4-C599-4A28-85D2-146E4BE472C4}.Release|ARM64.ActiveCfg = Release|ARM64
		{EA4F0BD4-C599-4A28-85D2-146E4BE472C4}.Release|ARM64.Build.0 = Release|ARM64
		{EA4F0BD4-C599-4A28-85D2-146E4BE472C4}.Release|ARM64.Deploy.0 = Release|ARM64
	EndGlobalSection
	GlobalSection(SolutionProperties) = preSolution
		HideSolutionNode = FALSE
	EndGlobalSection
EndGlobal
