
Microsoft Visual Studio Solution File, Format Version 11.00
# Visual Studio 15
Project("{8BC9CEB8-8B4A-11D0-8D11-00A0C91BC942}") = "3d", "3d.vcxproj", "{99F74B41-8961-4647-AD6F-8BCAD39F7E1F}"
EndProject
Project("{8BC9CEB8-8B4A-11D0-8D11-00A0C91BC942}") = "3d_multi", "3d_multi.vcxproj", "{ABCBF409-F2D4-4AD5-8330-FBD745B33173}"
EndProject
Project("{8BC9CEB8-8B4A-11D0-8D11-00A0C91BC942}") = "event_parameter", "event_parameter.vcxproj", "{89C8B563-0875-42FB-95CA-B84712F2152E}"
EndProject
Project("{8BC9CEB8-8B4A-11D0-8D11-00A0C91BC942}") = "load_banks", "load_banks.vcxproj", "{66EB650E-0AE6-4D9B-80DE-F361C7BE34C1}"
EndProject
Project("{8BC9CEB8-8B4A-11D0-8D11-00A0C91BC942}") = "music_callbacks", "music_callbacks.vcxproj", "{BF8AA27F-00B3-4996-AEEE-5C5831D3F3F7}"
EndProject
Project("{8BC9CEB8-8B4A-11D0-8D11-00A0C91BC942}") = "objectpan", "objectpan.vcxproj", "{A6BA260E-84A1-4925-9CB1-62278EDE685C}"
EndProject
Project("{8BC9CEB8-8B4A-11D0-8D11-00A0C91BC942}") = "programmer_sound", "programmer_sound.vcxproj", "{D52457A0-3CF1-4AD6-A07F-1FF2D8AE7795}"
EndProject
Project("{8BC9CEB8-8B4A-11D0-8D11-00A0C91BC942}") = "recording_playback", "recording_playback.vcxproj", "{0545096C-B9D3-4C2A-BF88-90277E4ABAF4}"
EndProject
Project("{8BC9CEB8-8B4A-11D0-8D11-00A0C91BC942}") = "simple_event", "simple_event.vcxproj", "{F5140070-8037-49B4-B863-9D8B8FBA5991}"
EndProject
Global
	GlobalSection(SolutionConfigurationPlatforms) = preSolution
		Debug|Win32 = Debug|Win32
		Debug|x64 = Debug|x64
		Debug|ARM64 = Debug|ARM64
		Release|Win32 = Release|Win32
		Release|x64 = Release|x64
		Release|ARM64 = Release|ARM64
	EndGlobalSection
	GlobalSection(ProjectConfigurationPlatforms) = postSolution
		{99F74B41-8961-4647-AD6F-8BCAD39F7E1F}.Debug|Win32.ActiveCfg = Debug|Win32
		{99F74B41-8961-4647-AD6F-8BCAD39F7E1F}.Debug|Win32.Build.0 = Debug|Win32
		{99F74B41-8961-4647-AD6F-8BCAD39F7E1F}.Debug|Win32.Deploy.0 = Debug|Win32
		{99F74B41-8961-4647-AD6F-8BCAD39F7E1F}.Debug|x64.ActiveCfg = Debug|x64
		{99F74B41-8961-4647-AD6F-8BCAD39F7E1F}.Debug|x64.Build.0 = Debug|x64
		{99F74B41-8961-4647-AD6F-8BCAD39F7E1F}.Debug|x64.Deploy.0 = Debug|x64
		{99F74B41-8961-4647-AD6F-8BCAD39F7E1F}.Debug|ARM64.ActiveCfg = Debug|ARM64
		{99F74B41-8961-4647-AD6F-8BCAD39F7E1F}.Debug|ARM64.Build.0 = Debug|ARM64
		{99F74B41-8961-4647-AD6F-8BCAD39F7E1F}.Debug|ARM64.Deploy.0 = Debug|ARM64
		{99F74B41-8961-4647-AD6F-8BCAD39F7E1F}.Release|Win32.ActiveCfg = Release|Win32
		{99F74B41-8961-4647-AD6F-8BCAD39F7E1F}.Release|Win32.Build.0 = Release|Win32
		{99F74B41-8961-4647-AD6F-8BCAD39F7E1F}.Release|Win32.Deploy.0 = Release|Win32
		{99F74B41-8961-4647-AD6F-8BCAD39F7E1F}.Release|x64.ActiveCfg = Release|x64
		{99F74B41-8961-4647-AD6F-8BCAD39F7E1F}.Release|x64.Build.0 = Release|x64
		{99F74B41-8961-4647-AD6F-8BCAD39F7E1F}.Release|x64.Deploy.0 = Release|x64
		{99F74B41-8961-4647-AD6F-8BCAD39F7E1F}.Release|ARM64.ActiveCfg = Release|ARM64
		{99F74B41-8961-4647-AD6F-8BCAD39F7E1F}.Release|ARM64.Build.0 = Release|ARM64
		{99F74B41-8961-4647-AD6F-8BCAD39F7E1F}.Release|ARM64.Deploy.0 = Release|ARM64
		{ABCBF409-F2D4-4AD5-8330-FBD745B33173}.Debug|Win32.ActiveCfg = Debug|Win32
		{ABCBF409-F2D4-4AD5-8330-FBD745B33173}.Debug|Win32.Build.0 = Debug|Win32
		{ABCBF409-F2D4-4AD5-8330-FBD745B33173}.Debug|Win32.Deploy.0 = Debug|Win32
		{ABCBF409-F2D4-4AD5-8330-FBD745B33173}.Debug|x64.ActiveCfg = Debug|x64
		{ABCBF409-F2D4-4AD5-8330-FBD745B33173}.Debug|x64.Build.0 = Debug|x64
		{ABCBF409-F2D4-4AD5-8330-FBD745B33173}.Debug|x64.Deploy.0 = Debug|x64
		{ABCBF409-F2D4-4AD5-8330-FBD745B33173}.Debug|ARM64.ActiveCfg = Debug|ARM64
		{ABCBF409-F2D4-4AD5-8330-FBD745B33173}.Debug|ARM64.Build.0 = Debug|ARM64
		{ABCBF409-F2D4-4AD5-8330-FBD745B33173}.Debug|ARM64.Deploy.0 = Debug|ARM64
		{ABCBF409-F2D4-4AD5-8330-FBD745B33173}.Release|Win32.ActiveCfg = Release|Win32
		{ABCBF409-F2D4-4AD5-8330-FBD745B33173}.Release|Win32.Build.0 = Release|Win32
		{ABCBF409-F2D4-4AD5-8330-FBD745B33173}.Release|Win32.Deploy.0 = Release|Win32
		{ABCBF409-F2D4-4AD5-8330-FBD745B33173}.Release|x64.ActiveCfg = Release|x64
		{ABCBF409-F2D4-4AD5-8330-FBD745B33173}.Release|x64.Build.0 = Release|x64
		{ABCBF409-F2D4-4AD5-8330-FBD745B33173}.Release|x64.Deploy.0 = Release|x64
		{ABCBF409-F2D4-4AD5-8330-FBD745B33173}.Release|ARM64.ActiveCfg = Release|ARM64
		{ABCBF409-F2D4-4AD5-8330-FBD745B33173}.Release|ARM64.Build.0 = Release|ARM64
		{ABCBF409-F2D4-4AD5-8330-FBD745B33173}.Release|ARM64.Deploy.0 = Release|ARM64
		{89C8B563-0875-42FB-95CA-B84712F2152E}.Debug|Win32.ActiveCfg = Debug|Win32
		{89C8B563-0875-42FB-95CA-B84712F2152E}.Debug|Win32.Build.0 = Debug|Win32
		{89C8B563-0875-42FB-95CA-B84712F2152E}.Debug|Win32.Deploy.0 = Debug|Win32
		{89C8B563-0875-42FB-95CA-B84712F2152E}.Debug|x64.ActiveCfg = Debug|x64
		{89C8B563-0875-42FB-95CA-B84712F2152E}.Debug|x64.Build.0 = Debug|x64
		{89C8B563-0875-42FB-95CA-B84712F2152E}.Debug|x64.Deploy.0 = Debug|x64
		{89C8B563-0875-42FB-95CA-B84712F2152E}.Debug|ARM64.ActiveCfg = Debug|ARM64
		{89C8B563-0875-42FB-95CA-B84712F2152E}.Debug|ARM64.Build.0 = Debug|ARM64
		{89C8B563-0875-42FB-95CA-B84712F2152E}.Debug|ARM64.Deploy.0 = Debug|ARM64
		{89C8B563-0875-42FB-95CA-B84712F2152E}.Release|Win32.ActiveCfg = Release|Win32
		{89C8B563-0875-42FB-95CA-B84712F2152E}.Release|Win32.Build.0 = Release|Win32
		{89C8B563-0875-42FB-95CA-B84712F2152E}.Release|Win32.Deploy.0 = Release|Win32
		{89C8B563-0875-42FB-95CA-B84712F2152E}.Release|x64.ActiveCfg = Release|x64
		{89C8B563-0875-42FB-95CA-B84712F2152E}.Release|x64.Build.0 = Release|x64
		{89C8B563-0875-42FB-95CA-B84712F2152E}.Release|x64.Deploy.0 = Release|x64
		{89C8B563-0875-42FB-95CA-B84712F2152E}.Release|ARM64.ActiveCfg = Release|ARM64
		{89C8B563-0875-42FB-95CA-B84712F2152E}.Release|ARM64.Build.0 = Release|ARM64
		{89C8B563-0875-42FB-95CA-B84712F2152E}.Release|ARM64.Deploy.0 = Release|ARM64
		{66EB650E-0AE6-4D9B-80DE-F361C7BE34C1}.Debug|Win32.ActiveCfg = Debug|Win32
		{66EB650E-0AE6-4D9B-80DE-F361C7BE34C1}.Debug|Win32.Build.0 = Debug|Win32
		{66EB650E-0AE6-4D9B-80DE-F361C7BE34C1}.Debug|Win32.Deploy.0 = Debug|Win32
		{66EB650E-0AE6-4D9B-80DE-F361C7BE34C1}.Debug|x64.ActiveCfg = Debug|x64
		{66EB650E-0AE6-4D9B-80DE-F361C7BE34C1}.Debug|x64.Build.0 = Debug|x64
		{66EB650E-0AE6-4D9B-80DE-F361C7BE34C1}.Debug|x64.Deploy.0 = Debug|x64
		{66EB650E-0AE6-4D9B-80DE-F361C7BE34C1}.Debug|ARM64.ActiveCfg = Debug|ARM64
		{66EB650E-0AE6-4D9B-80DE-F361C7BE34C1}.Debug|ARM64.Build.0 = Debug|ARM64
		{66EB650E-0AE6-4D9B-80DE-F361C7BE34C1}.Debug|ARM64.Deploy.0 = Debug|ARM64
		{66EB650E-0AE6-4D9B-80DE-F361C7BE34C1}.Release|Win32.ActiveCfg = Release|Win32
		{66EB650E-0AE6-4D9B-80DE-F361C7BE34C1}.Release|Win32.Build.0 = Release|Win32
		{66EB650E-0AE6-4D9B-80DE-F361C7BE34C1}.Release|Win32.Deploy.0 = Release|Win32
		{66EB650E-0AE6-4D9B-80DE-F361C7BE34C1}.Release|x64.ActiveCfg = Release|x64
		{66EB650E-0AE6-4D9B-80DE-F361C7BE34C1}.Release|x64.Build.0 = Release|x64
		{66EB650E-0AE6-4D9B-80DE-F361C7BE34C1}.Release|x64.Deploy.0 = Release|x64
		{66EB650E-0AE6-4D9B-80DE-F361C7BE34C1}.Release|ARM64.ActiveCfg = Release|ARM64
		{66EB650E-0AE6-4D9B-80DE-F361C7BE34C1}.Release|ARM64.Build.0 = Release|ARM64
		{66EB650E-0AE6-4D9B-80DE-F361C7BE34C1}.Release|ARM64.Deploy.0 = Release|ARM64
		{BF8AA27F-00B3-4996-AEEE-5C5831D3F3F7}.Debug|Win32.ActiveCfg = Debug|Win32
		{BF8AA27F-00B3-4996-AEEE-5C5831D3F3F7}.Debug|Win32.Build.0 = Debug|Win32
		{BF8AA27F-00B3-4996-AEEE-5C5831D3F3F7}.Debug|Win32.Deploy.0 = Debug|Win32
		{BF8AA27F-00B3-4996-AEEE-5C5831D3F3F7}.Debug|x64.ActiveCfg = Debug|x64
		{BF8AA27F-00B3-4996-AEEE-5C5831D3F3F7}.Debug|x64.Build.0 = Debug|x64
		{BF8AA27F-00B3-4996-AEEE-5C5831D3F3F7}.Debug|x64.Deploy.0 = Debug|x64
		{BF8AA27F-00B3-4996-AEEE-5C5831D3F3F7}.Debug|ARM64.ActiveCfg = Debug|ARM64
		{BF8AA27F-00B3-4996-AEEE-5C5831D3F3F7}.Debug|ARM64.Build.0 = Debug|ARM64
		{BF8AA27F-00B3-4996-AEEE-5C5831D3F3F7}.Debug|ARM64.Deploy.0 = Debug|ARM64
		{BF8AA27F-00B3-4996-AEEE-5C5831D3F3F7}.Release|Win32.ActiveCfg = Release|Win32
		{BF8AA27F-00B3-4996-AEEE-5C5831D3F3F7}.Release|Win32.Build.0 = Release|Win32
		{BF8AA27F-00B3-4996-AEEE-5C5831D3F3F7}.Release|Win32.Deploy.0 = Release|Win32
		{BF8AA27F-00B3-4996-AEEE-5C5831D3F3F7}.Release|x64.ActiveCfg = Release|x64
		{BF8AA27F-00B3-4996-AEEE-5C5831D3F3F7}.Release|x64.Build.0 = Release|x64
		{BF8AA27F-00B3-4996-AEEE-5C5831D3F3F7}.Release|x64.Deploy.0 = Release|x64
		{BF8AA27F-00B3-4996-AEEE-5C5831D3F3F7}.Release|ARM64.ActiveCfg = Release|ARM64
		{BF8AA27F-00B3-4996-AEEE-5C5831D3F3F7}.Release|ARM64.Build.0 = Release|ARM64
		{BF8AA27F-00B3-4996-AEEE-5C5831D3F3F7}.Release|ARM64.Deploy.0 = Release|ARM64
		{A6BA260E-84A1-4925-9CB1-62278EDE685C}.Debug|Win32.ActiveCfg = Debug|Win32
		{A6BA260E-84A1-4925-9CB1-62278EDE685C}.Debug|Win32.Build.0 = Debug|Win32
		{A6BA260E-84A1-4925-9CB1-62278EDE685C}.Debug|Win32.Deploy.0 = Debug|Win32
		{A6BA260E-84A1-4925-9CB1-62278EDE685C}.Debug|x64.ActiveCfg = Debug|x64
		{A6BA260E-84A1-4925-9CB1-62278EDE685C}.Debug|x64.Build.0 = Debug|x64
		{A6BA260E-84A1-4925-9CB1-62278EDE685C}.Debug|x64.Deploy.0 = Debug|x64
		{A6BA260E-84A1-4925-9CB1-62278EDE685C}.Debug|ARM64.ActiveCfg = Debug|ARM64
		{A6BA260E-84A1-4925-9CB1-62278EDE685C}.Debug|ARM64.Build.0 = Debug|ARM64
		{A6BA260E-84A1-4925-9CB1-62278EDE685C}.Debug|ARM64.Deploy.0 = Debug|ARM64
		{A6BA260E-84A1-4925-9CB1-62278EDE685C}.Release|Win32.ActiveCfg = Release|Win32
		{A6BA260E-84A1-4925-9CB1-62278EDE685C}.Release|Win32.Build.0 = Release|Win32
		{A6BA260E-84A1-4925-9CB1-62278EDE685C}.Release|Win32.Deploy.0 = Release|Win32
		{A6BA260E-84A1-4925-9CB1-62278EDE685C}.Release|x64.ActiveCfg = Release|x64
		{A6BA260E-84A1-4925-9CB1-62278EDE685C}.Release|x64.Build.0 = Release|x64
		{A6BA260E-84A1-4925-9CB1-62278EDE685C}.Release|x64.Deploy.0 = Release|x64
		{A6BA260E-84A1-4925-9CB1-62278EDE685C}.Release|ARM64.ActiveCfg = Release|ARM64
		{A6BA260E-84A1-4925-9CB1-62278EDE685C}.Release|ARM64.Build.0 = Release|ARM64
		{A6BA260E-84A1-4925-9CB1-62278EDE685C}.Release|ARM64.Deploy.0 = Release|ARM64
		{D52457A0-3CF1-4AD6-A07F-1FF2D8AE7795}.Debug|Win32.ActiveCfg = Debug|Win32
		{D52457A0-3CF1-4AD6-A07F-1FF2D8AE7795}.Debug|Win32.Build.0 = Debug|Win32
		{D52457A0-3CF1-4AD6-A07F-1FF2D8AE7795}.Debug|Win32.Deploy.0 = Debug|Win32
		{D52457A0-3CF1-4AD6-A07F-1FF2D8AE7795}.Debug|x64.ActiveCfg = Debug|x64
		{D52457A0-3CF1-4AD6-A07F-1FF2D8AE7795}.Debug|x64.Build.0 = Debug|x64
		{D52457A0-3CF1-4AD6-A07F-1FF2D8AE7795}.Debug|x64.Deploy.0 = Debug|x64
		{D52457A0-3CF1-4AD6-A07F-1FF2D8AE7795}.Debug|ARM64.ActiveCfg = Debug|ARM64
		{D52457A0-3CF1-4AD6-A07F-1FF2D8AE7795}.Debug|ARM64.Build.0 = Debug|ARM64
		{D52457A0-3CF1-4AD6-A07F-1FF2D8AE7795}.Debug|ARM64.Deploy.0 = Debug|ARM64
		{D52457A0-3CF1-4AD6-A07F-1FF2D8AE7795}.Release|Win32.ActiveCfg = Release|Win32
		{D52457A0-3CF1-4AD6-A07F-1FF2D8AE7795}.Release|Win32.Build.0 = Release|Win32
		{D52457A0-3CF1-4AD6-A07F-1FF2D8AE7795}.Release|Win32.Deploy.0 = Release|Win32
		{D52457A0-3CF1-4AD6-A07F-1FF2D8AE7795}.Release|x64.ActiveCfg = Release|x64
		{D52457A0-3CF1-4AD6-A07F-1FF2D8AE7795}.Release|x64.Build.0 = Release|x64
		{D52457A0-3CF1-4AD6-A07F-1FF2D8AE7795}.Release|x64.Deploy.0 = Release|x64
		{D52457A0-3CF1-4AD6-A07F-1FF2D8AE7795}.Release|ARM64.ActiveCfg = Release|ARM64
		{D52457A0-3CF1-4AD6-A07F-1FF2D8AE7795}.Release|ARM64.Build.0 = Release|ARM64
		{D52457A0-3CF1-4AD6-A07F-1FF2D8AE7795}.Release|ARM64.Deploy.0 = Release|ARM64
		{0545096C-B9D3-4C2A-BF88-90277E4ABAF4}.Debug|Win32.ActiveCfg = Debug|Win32
		{0545096C-B9D3-4C2A-BF88-90277E4ABAF4}.Debug|Win32.Build.0 = Debug|Win32
		{0545096C-B9D3-4C2A-BF88-90277E4ABAF4}.Debug|Win32.Deploy.0 = Debug|Win32
		{0545096C-B9D3-4C2A-BF88-90277E4ABAF4}.Debug|x64.ActiveCfg = Debug|x64
		{0545096C-B9D3-4C2A-BF88-90277E4ABAF4}.Debug|x64.Build.0 = Debug|x64
		{0545096C-B9D3-4C2A-BF88-90277E4ABAF4}.Debug|x64.Deploy.0 = Debug|x64
		{0545096C-B9D3-4C2A-BF88-90277E4ABAF4}.Debug|ARM64.ActiveCfg = Debug|ARM64
		{0545096C-B9D3-4C2A-BF88-90277E4ABAF4}.Debug|ARM64.Build.0 = Debug|ARM64
		{0545096C-B9D3-4C2A-BF88-90277E4ABAF4}.Debug|ARM64.Deploy.0 = Debug|ARM64
		{0545096C-B9D3-4C2A-BF88-90277E4ABAF4}.Release|Win32.ActiveCfg = Release|Win32
		{0545096C-B9D3-4C2A-BF88-90277E4ABAF4}.Release|Win32.Build.0 = Release|Win32
		{0545096C-B9D3-4C2A-BF88-90277E4ABAF4}.Release|Win32.Deploy.0 = Release|Win32
		{0545096C-B9D3-4C2A-BF88-90277E4ABAF4}.Release|x64.ActiveCfg = Release|x64
		{0545096C-B9D3-4C2A-BF88-90277E4ABAF4}.Release|x64.Build.0 = Release|x64
		{0545096C-B9D3-4C2A-BF88-90277E4ABAF4}.Release|x64.Deploy.0 = Release|x64
		{0545096C-B9D3-4C2A-BF88-90277E4ABAF4}.Release|ARM64.ActiveCfg = Release|ARM64
		{0545096C-B9D3-4C2A-BF88-90277E4ABAF4}.Release|ARM64.Build.0 = Release|ARM64
		{0545096C-B9D3-4C2A-BF88-90277E4ABAF4}.Release|ARM64.Deploy.0 = Release|ARM64
		{F5140070-8037-49B4-B863-9D8B8FBA5991}.Debug|Win32.ActiveCfg = Debug|Win32
		{F5140070-8037-49B4-B863-9D8B8FBA5991}.Debug|Win32.Build.0 = Debug|Win32
		{F5140070-8037-49B4-B863-9D8B8FBA5991}.Debug|Win32.Deploy.0 = Debug|Win32
		{F5140070-8037-49B4-B863-9D8B8FBA5991}.Debug|x64.ActiveCfg = Debug|x64
		{F5140070-8037-49B4-B863-9D8B8FBA5991}.Debug|x64.Build.0 = Debug|x64
		{F5140070-8037-49B4-B863-9D8B8FBA5991}.Debug|x64.Deploy.0 = Debug|x64
		{F5140070-8037-49B4-B863-9D8B8FBA5991}.Debug|ARM64.ActiveCfg = Debug|ARM64
		{F5140070-8037-49B4-B863-9D8B8FBA5991}.Debug|ARM64.Build.0 = Debug|ARM64
		{F5140070-8037-49B4-B863-9D8B8FBA5991}.Debug|ARM64.Deploy.0 = Debug|ARM64
		{F5140070-8037-49B4-B863-9D8B8FBA5991}.Release|Win32.ActiveCfg = Release|Win32
		{F5140070-8037-49B4-B863-9D8B8FBA5991}.Release|Win32.Build.0 = Release|Win32
		{F5140070-8037-49B4-B863-9D8B8FBA5991}.Release|Win32.Deploy.0 = Release|Win32
		{F5140070-8037-49B4-B863-9D8B8FBA5991}.Release|x64.ActiveCfg = Release|x64
		{F5140070-8037-49B4-B863-9D8B8FBA5991}.Release|x64.Build.0 = Release|x64
		{F5140070-8037-49B4-B863-9D8B8FBA5991}.Release|x64.Deploy.0 = Release|x64
		{F5140070-8037-49B4-B863-9D8B8FBA5991}.Release|ARM64.ActiveCfg = Release|ARM64
		{F5140070-8037-49B4-B863-9D8B8FBA5991}.Release|ARM64.Build.0 = Release|ARM64
		{F5140070-8037-49B4-B863-9D8B8FBA5991}.Release|ARM64.Deploy.0 = Release|ARM64
	EndGlobalSection
	GlobalSection(SolutionProperties) = preSolution
		HideSolutionNode = FALSE
	EndGlobalSection
EndGlobal
