
Microsoft Visual Studio Solution File, Format Version 11.00
# Visual Studio Version 16
Project("{8BC9CEB8-8B4A-11D0-8D11-00A0C91BC942}") = "3d", "3d.vcxproj", "{1E6CCE10-CC32-47A6-AF8B-FFDC81BA162D}"
EndProject
Project("{8BC9CEB8-8B4A-11D0-8D11-00A0C91BC942}") = "asyncio", "asyncio.vcxproj", "{2CBEA1EB-BAC1-43D2-B309-53239EFE0A4D}"
EndProject
Project("{8BC9CEB8-8B4A-11D0-8D11-00A0C91BC942}") = "channel_groups", "channel_groups.vcxproj", "{695E870E-04BD-4B2D-AF1A-EB1915FD632A}"
EndProject
Project("{8BC9CEB8-8B4A-11D0-8D11-00A0C91BC942}") = "convolution_reverb", "convolution_reverb.vcxproj", "{004D640E-F004-4955-9FF9-54501F2591A6}"
EndProject
Project("{8BC9CEB8-8B4A-11D0-8D11-00A0C91BC942}") = "dsp_custom", "dsp_custom.vcxproj", "{8EC8D2AB-B516-4AB9-9552-D572C4D67030}"
EndProject
Project("{8BC9CEB8-8B4A-11D0-8D11-00A0C91BC942}") = "dsp_effect_per_speaker", "dsp_effect_per_speaker.vcxproj", "{D8445CEF-6DAD-4C92-9BE2-89301C3CC550}"
EndProject
Project("{8BC9CEB8-8B4A-11D0-8D11-00A0C91BC942}") = "dsp_inspector", "dsp_inspector.vcxproj", "{1C9F1A68-64BA-47A6-8C5F-86B6C2B37FD1}"
EndProject
Project("{8BC9CEB8-8B4A-11D0-8D11-00A0C91BC942}") = "effects", "effects.vcxproj", "{0D9B6B28-0158-43F4-82F1-50121ABA71A6}"
EndProject
Project("{8BC9CEB8-8B4A-11D0-8D11-00A0C91BC942}") = "gapless_playback", "gapless_playback.vcxproj", "{A68C40F5-95C0-4F2F-847F-EA288EB32515}"
EndProject
Project("{8BC9CEB8-8B4A-11D0-8D11-00A0C91BC942}") = "generate_tone", "generate_tone.vcxproj", "{30206F3F-49CA-45D0-A894-0C85C688B782}"
EndProject
Project("{8BC9CEB8-8B4A-11D0-8D11-00A0C91BC942}") = "granular_synth", "granular_synth.vcxproj", "{4B74A2E2-B6E0-4B0C-8EA2-5519C43DA412}"
EndProject
Project("{8BC9CEB8-8B4A-11D0-8D11-00A0C91BC942}") = "load_from_memory", "load_from_memory.vcxproj", "{3A0EB02B-D73F-4ACB-81EC-8E6B7E685BAE}"
EndProject
Project("{8BC9CEB8-8B4A-11D0-8D11-00A0C91BC942}") = "multiple_speaker", "multiple_speaker.vcxproj", "{24B982D0-C127-4791-A0B9-142107E94F44}"
EndProject
Project("{8BC9CEB8-8B4A-11D0-8D11-00A0C91BC942}") = "multiple_system", "multiple_system.vcxproj", "{1A9A229E-1391-4095-930F-3EF5885008B3}"
EndProject
Project("{8BC9CEB8-8B4A-11D0-8D11-00A0C91BC942}") = "net_stream", "net_stream.vcxproj", "{578C5D29-0C06-473D-A6BA-5B2316F9F73C}"
EndProject
Project("{8BC9CEB8-8B4A-11D0-8D11-00A0C91BC942}") = "play_sound", "play_sound.vcxproj", "{163A5C09-C09B-4CFE-826E-BC0788199835}"
EndProject
Project("{8BC9CEB8-8B4A-11D0-8D11-00A0C91BC942}") = "play_stream", "play_stream.vcxproj", "{664EE695-5A26-4A88-B43D-5A1AE4962847}"
EndProject
Project("{8BC9CEB8-8B4A-11D0-8D11-00A0C91BC942}") = "record", "record.vcxproj", "{B59FE4F1-645D-4C2B-85C1-11A02BE67076}"
EndProject
Project("{8BC9CEB8-8B4A-11D0-8D11-00A0C91BC942}") = "record_enumeration", "record_enumeration.vcxproj", "{CBBD5AEA-C838-4762-8CEB-C28029FF7D74}"
EndProject
Project("{8BC9CEB8-8B4A-11D0-8D11-00A0C91BC942}") = "user_created_sound", "user_created_sound.vcxproj", "{A9E149AA-6432-4346-B298-7C6EFF79E727}"
EndProject
Project("{8BC9CEB8-8B4A-11D0-8D11-00A0C91BC942}") = "fmod_codec_raw", "fmod_codec_raw.vcxproj", "{4E9FA1A8-0C03-4300-B066-55F64BAE75B2}"
EndProject
Project("{8BC9CEB8-8B4A-11D0-8D11-00A0C91BC942}") = "fmod_distance_filter", "fmod_distance_filter.vcxproj", "{7A1C5E4C-8D64-4879-AF9E-BDDB441D269F}"
EndProject
Project("{8BC9CEB8-8B4A-11D0-8D11-00A0C91BC942}") = "fmod_gain", "fmod_gain.vcxproj", "{C8BCF3CD-7B36-4BC3-94A1-F10540799B02}"
EndProject
Project("{8BC9CEB8-8B4A-11D0-8D11-00A0C91BC942}") = "fmod_noise", "fmod_noise.vcxproj", "{28E871BC-5135-4472-9819-CA00E45DEEEF}"
EndProject
Project("{8BC9CEB8-8B4A-11D0-8D11-00A0C91BC942}") = "fmod_rnbo", "fmod_rnbo.vcxproj", "{C5D22727-E94C-4662-B5E3-E138368CC054}"
EndProject
Project("{8BC9CEB8-8B4A-11D0-8D11-00A0C91BC942}") = "output_mp3", "output_mp3.vcxproj", "{3153F739-8C23-4F22-BCE5-60F8D07DB737}"
EndProject
Global
	GlobalSection(SolutionConfigurationPlatforms) = preSolution
		Debug|Win32 = Debug|Win32
		Debug|x64 = Debug|x64
		Debug|ARM64 = Debug|ARM64
		Release|Win32 = Release|Win32
		Release|x64 = Release|x64
		Release|ARM64 = Release|ARM64
	EndGlobalSection
	GlobalSection(ProjectConfigurationPlatforms) = postSolution
		{1E6CCE10-CC32-47A6-AF8B-FFDC81BA162D}.Debug|Win32.ActiveCfg = Debug|Win32
		{1E6CCE10-CC32-47A6-AF8B-FFDC81BA162D}.Debug|Win32.Build.0 = Debug|Win32
		{1E6CCE10-CC32-47A6-AF8B-FFDC81BA162D}.Debug|Win32.Deploy.0 = Debug|Win32
		{1E6CCE10-CC32-47A6-AF8B-FFDC81BA162D}.Debug|x64.ActiveCfg = Debug|x64
		{1E6CCE10-CC32-47A6-AF8B-FFDC81BA162D}.Debug|x64.Build.0 = Debug|x64
		{1E6CCE10-CC32-47A6-AF8B-FFDC81BA162D}.Debug|x64.Deploy.0 = Debug|x64
		{1E6CCE10-CC32-47A6-AF8B-FFDC81BA162D}.Debug|ARM64.ActiveCfg = Debug|ARM64
		{1E6CCE10-CC32-47A6-AF8B-FFDC81BA162D}.Debug|ARM64.Build.0 = Debug|ARM64
		{1E6CCE10-CC32-47A6-AF8B-FFDC81BA162D}.Debug|ARM64.Deploy.0 = Debug|ARM64
		{1E6CCE10-CC32-47A6-AF8B-FFDC81BA162D}.Release|Win32.ActiveCfg = Release|Win32
		{1E6CCE10-CC32-47A6-AF8B-FFDC81BA162D}.Release|Win32.Build.0 = Release|Win32
		{1E6CCE10-CC32-47A6-AF8B-FFDC81BA162D}.Release|Win32.Deploy.0 = Release|Win32
		{1E6CCE10-CC32-47A6-AF8B-FFDC81BA162D}.Release|x64.ActiveCfg = Release|x64
		{1E6CCE10-CC32-47A6-AF8B-FFDC81BA162D}.Release|x64.Build.0 = Release|x64
		{1E6CCE10-CC32-47A6-AF8B-FFDC81BA162D}.Release|x64.Deploy.0 = Release|x64
		{1E6CCE10-CC32-47A6-AF8B-FFDC81BA162D}.Release|ARM64.ActiveCfg = Release|ARM64
		{1E6CCE10-CC32-47A6-AF8B-FFDC81BA162D}.Release|ARM64.Build.0 = Release|ARM64
		{1E6CCE10-CC32-47A6-AF8B-FFDC81BA162D}.Release|ARM64.Deploy.0 = Release|ARM64
		{2CBEA1EB-BAC1-43D2-B309-53239EFE0A4D}.Debug|Win32.ActiveCfg = Debug|Win32
		{2CBEA1EB-BAC1-43D2-B309-53239EFE0A4D}.Debug|Win32.Build.0 = Debug|Win32
		{2CBEA1EB-BAC1-43D2-B309-53239EFE0A4D}.Debug|Win32.Deploy.0 = Debug|Win32
		{2CBEA1EB-BAC1-43D2-B309-53239EFE0A4D}.Debug|x64.ActiveCfg = Debug|x64
		{2CBEA1EB-BAC1-43D2-B309-53239EFE0A4D}.Debug|x64.Build.0 = Debug|x64
		{2CBEA1EB-BAC1-43D2-B309-53239EFE0A4D}.Debug|x64.Deploy.0 = Debug|x64
		{2CBEA1EB-BAC1-43D2-B309-53239EFE0A4D}.Debug|ARM64.ActiveCfg = Debug|ARM64
		{2CBEA1EB-BAC1-43D2-B309-53239EFE0A4D}.Debug|ARM64.Build.0 = Debug|ARM64
		{2CBEA1EB-BAC1-43D2-B309-53239EFE0A4D}.Debug|ARM64.Deploy.0 = Debug|ARM64
		{2CBEA1EB-BAC1-43D2-B309-53239EFE0A4D}.Release|Win32.ActiveCfg = Release|Win32
		{2CBEA1EB-BAC1-43D2-B309-53239EFE0A4D}.Release|Win32.Build.0 = Release|Win32
		{2CBEA1EB-BAC1-43D2-B309-53239EFE0A4D}.Release|Win32.Deploy.0 = Release|Win32
		{2CBEA1EB-BAC1-43D2-B309-53239EFE0A4D}.Release|x64.ActiveCfg = Release|x64
		{2CBEA1EB-BAC1-43D2-B309-53239EFE0A4D}.Release|x64.Build.0 = Release|x64
		{2CBEA1EB-BAC1-43D2-B309-53239EFE0A4D}.Release|x64.Deploy.0 = Release|x64
		{2CBEA1EB-BAC1-43D2-B309-53239EFE0A4D}.Release|ARM64.ActiveCfg = Release|ARM64
		{2CBEA1EB-BAC1-43D2-B309-53239EFE0A4D}.Release|ARM64.Build.0 = Release|ARM64
		{2CBEA1EB-BAC1-43D2-B309-53239EFE0A4D}.Release|ARM64.Deploy.0 = Release|ARM64
		{695E870E-04BD-4B2D-AF1A-EB1915FD632A}.Debug|Win32.ActiveCfg = Debug|Win32
		{695E870E-04BD-4B2D-AF1A-EB1915FD632A}.Debug|Win32.Build.0 = Debug|Win32
		{695E870E-04BD-4B2D-AF1A-EB1915FD632A}.Debug|Win32.Deploy.0 = Debug|Win32
		{695E870E-04BD-4B2D-AF1A-EB1915FD632A}.Debug|x64.ActiveCfg = Debug|x64
		{695E870E-04BD-4B2D-AF1A-EB1915FD632A}.Debug|x64.Build.0 = Debug|x64
		{695E870E-04BD-4B2D-AF1A-EB1915FD632A}.Debug|x64.Deploy.0 = Debug|x64
		{695E870E-04BD-4B2D-AF1A-EB1915FD632A}.Debug|ARM64.ActiveCfg = Debug|ARM64
		{695E870E-04BD-4B2D-AF1A-EB1915FD632A}.Debug|ARM64.Build.0 = Debug|ARM64
		{695E870E-04BD-4B2D-AF1A-EB1915FD632A}.Debug|ARM64.Deploy.0 = Debug|ARM64
		{695E870E-04BD-4B2D-AF1A-EB1915FD632A}.Release|Win32.ActiveCfg = Release|Win32
		{695E870E-04BD-4B2D-AF1A-EB1915FD632A}.Release|Win32.Build.0 = Release|Win32
		{695E870E-04BD-4B2D-AF1A-EB1915FD632A}.Release|Win32.Deploy.0 = Release|Win32
		{695E870E-04BD-4B2D-AF1A-EB1915FD632A}.Release|x64.ActiveCfg = Release|x64
		{695E870E-04BD-4B2D-AF1A-EB1915FD632A}.Release|x64.Build.0 = Release|x64
		{695E870E-04BD-4B2D-AF1A-EB1915FD632A}.Release|x64.Deploy.0 = Release|x64
		{695E870E-04BD-4B2D-AF1A-EB1915FD632A}.Release|ARM64.ActiveCfg = Release|ARM64
		{695E870E-04BD-4B2D-AF1A-EB1915FD632A}.Release|ARM64.Build.0 = Release|ARM64
		{695E870E-04BD-4B2D-AF1A-EB1915FD632A}.Release|ARM64.Deploy.0 = Release|ARM64
		{004D640E-F004-4955-9FF9-54501F2591A6}.Debug|Win32.ActiveCfg = Debug|Win32
		{004D640E-F004-4955-9FF9-54501F2591A6}.Debug|Win32.Build.0 = Debug|Win32
		{004D640E-F004-4955-9FF9-54501F2591A6}.Debug|Win32.Deploy.0 = Debug|Win32
		{004D640E-F004-4955-9FF9-54501F2591A6}.Debug|x64.ActiveCfg = Debug|x64
		{004D640E-F004-4955-9FF9-54501F2591A6}.Debug|x64.Build.0 = Debug|x64
		{004D640E-F004-4955-9FF9-54501F2591A6}.Debug|x64.Deploy.0 = Debug|x64
		{004D640E-F004-4955-9FF9-54501F2591A6}.Debug|ARM64.ActiveCfg = Debug|ARM64
		{004D640E-F004-4955-9FF9-54501F2591A6}.Debug|ARM64.Build.0 = Debug|ARM64
		{004D640E-F004-4955-9FF9-54501F2591A6}.Debug|ARM64.Deploy.0 = Debug|ARM64
		{004D640E-F004-4955-9FF9-54501F2591A6}.Release|Win32.ActiveCfg = Release|Win32
		{004D640E-F004-4955-9FF9-54501F2591A6}.Release|Win32.Build.0 = Release|Win32
		{004D640E-F004-4955-9FF9-54501F2591A6}.Release|Win32.Deploy.0 = Release|Win32
		{004D640E-F004-4955-9FF9-54501F2591A6}.Release|x64.ActiveCfg = Release|x64
		{004D640E-F004-4955-9FF9-54501F2591A6}.Release|x64.Build.0 = Release|x64
		{004D640E-F004-4955-9FF9-54501F2591A6}.Release|x64.Deploy.0 = Release|x64
		{004D640E-F004-4955-9FF9-54501F2591A6}.Release|ARM64.ActiveCfg = Release|ARM64
		{004D640E-F004-4955-9FF9-54501F2591A6}.Release|ARM64.Build.0 = Release|ARM64
		{004D640E-F004-4955-9FF9-54501F2591A6}.Release|ARM64.Deploy.0 = Release|ARM64
		{8EC8D2AB-B516-4AB9-9552-D572C4D67030}.Debug|Win32.ActiveCfg = Debug|Win32
		{8EC8D2AB-B516-4AB9-9552-D572C4D67030}.Debug|Win32.Build.0 = Debug|Win32
		{8EC8D2AB-B516-4AB9-9552-D572C4D67030}.Debug|Win32.Deploy.0 = Debug|Win32
		{8EC8D2AB-B516-4AB9-9552-D572C4D67030}.Debug|x64.ActiveCfg = Debug|x64
		{8EC8D2AB-B516-4AB9-9552-D572C4D67030}.Debug|x64.Build.0 = Debug|x64
		{8EC8D2AB-B516-4AB9-9552-D572C4D67030}.Debug|x64.Deploy.0 = Debug|x64
		{8EC8D2AB-B516-4AB9-9552-D572C4D67030}.Debug|ARM64.ActiveCfg = Debug|ARM64
		{8EC8D2AB-B516-4AB9-9552-D572C4D67030}.Debug|ARM64.Build.0 = Debug|ARM64
		{8EC8D2AB-B516-4AB9-9552-D572C4D67030}.Debug|ARM64.Deploy.0 = Debug|ARM64
		{8EC8D2AB-B516-4AB9-9552-D572C4D67030}.Release|Win32.ActiveCfg = Release|Win32
		{8EC8D2AB-B516-4AB9-9552-D572C4D67030}.Release|Win32.Build.0 = Release|Win32
		{8EC8D2AB-B516-4AB9-9552-D572C4D67030}.Release|Win32.Deploy.0 = Release|Win32
		{8EC8D2AB-B516-4AB9-9552-D572C4D67030}.Release|x64.ActiveCfg = Release|x64
		{8EC8D2AB-B516-4AB9-9552-D572C4D67030}.Release|x64.Build.0 = Release|x64
		{8EC8D2AB-B516-4AB9-9552-D572C4D67030}.Release|x64.Deploy.0 = Release|x64
		{8EC8D2AB-B516-4AB9-9552-D572C4D67030}.Release|ARM64.ActiveCfg = Release|ARM64
		{8EC8D2AB-B516-4AB9-9552-D572C4D67030}.Release|ARM64.Build.0 = Release|ARM64
		{8EC8D2AB-B516-4AB9-9552-D572C4D67030}.Release|ARM64.Deploy.0 = Release|ARM64
		{D8445CEF-6DAD-4C92-9BE2-89301C3CC550}.Debug|Win32.ActiveCfg = Debug|Win32
		{D8445CEF-6DAD-4C92-9BE2-89301C3CC550}.Debug|Win32.Build.0 = Debug|Win32
		{D8445CEF-6DAD-4C92-9BE2-89301C3CC550}.Debug|Win32.Deploy.0 = Debug|Win32
		{D8445CEF-6DAD-4C92-9BE2-89301C3CC550}.Debug|x64.ActiveCfg = Debug|x64
		{D8445CEF-6DAD-4C92-9BE2-89301C3CC550}.Debug|x64.Build.0 = Debug|x64
		{D8445CEF-6DAD-4C92-9BE2-89301C3CC550}.Debug|x64.Deploy.0 = Debug|x64
		{D8445CEF-6DAD-4C92-9BE2-89301C3CC550}.Debug|ARM64.ActiveCfg = Debug|ARM64
		{D8445CEF-6DAD-4C92-9BE2-89301C3CC550}.Debug|ARM64.Build.0 = Debug|ARM64
		{D8445CEF-6DAD-4C92-9BE2-89301C3CC550}.Debug|ARM64.Deploy.0 = Debug|ARM64
		{D8445CEF-6DAD-4C92-9BE2-89301C3CC550}.Release|Win32.ActiveCfg = Release|Win32
		{D8445CEF-6DAD-4C92-9BE2-89301C3CC550}.Release|Win32.Build.0 = Release|Win32
		{D8445CEF-6DAD-4C92-9BE2-89301C3CC550}.Release|Win32.Deploy.0 = Release|Win32
		{D8445CEF-6DAD-4C92-9BE2-89301C3CC550}.Release|x64.ActiveCfg = Release|x64
		{D8445CEF-6DAD-4C92-9BE2-89301C3CC550}.Release|x64.Build.0 = Release|x64
		{D8445CEF-6DAD-4C92-9BE2-89301C3CC550}.Release|x64.Deploy.0 = Release|x64
		{D8445CEF-6DAD-4C92-9BE2-89301C3CC550}.Release|ARM64.ActiveCfg = Release|ARM64
		{D8445CEF-6DAD-4C92-9BE2-89301C3CC550}.Release|ARM64.Build.0 = Release|ARM64
		{D8445CEF-6DAD-4C92-9BE2-89301C3CC550}.Release|ARM64.Deploy.0 = Release|ARM64
		{1C9F1A68-64BA-47A6-8C5F-86B6C2B37FD1}.Debug|Win32.ActiveCfg = Debug|Win32
		{1C9F1A68-64BA-47A6-8C5F-86B6C2B37FD1}.Debug|Win32.Build.0 = Debug|Win32
		{1C9F1A68-64BA-47A6-8C5F-86B6C2B37FD1}.Debug|Win32.Deploy.0 = Debug|Win32
		{1C9F1A68-64BA-47A6-8C5F-86B6C2B37FD1}.Debug|x64.ActiveCfg = Debug|x64
		{1C9F1A68-64BA-47A6-8C5F-86B6C2B37FD1}.Debug|x64.Build.0 = Debug|x64
		{1C9F1A68-64BA-47A6-8C5F-86B6C2B37FD1}.Debug|x64.Deploy.0 = Debug|x64
		{1C9F1A68-64BA-47A6-8C5F-86B6C2B37FD1}.Debug|ARM64.ActiveCfg = Debug|ARM64
		{1C9F1A68-64BA-47A6-8C5F-86B6C2B37FD1}.Debug|ARM64.Build.0 = Debug|ARM64
		{1C9F1A68-64BA-47A6-8C5F-86B6C2B37FD1}.Debug|ARM64.Deploy.0 = Debug|ARM64
		{1C9F1A68-64BA-47A6-8C5F-86B6C2B37FD1}.Release|Win32.ActiveCfg = Release|Win32
		{1C9F1A68-64BA-47A6-8C5F-86B6C2B37FD1}.Release|Win32.Build.0 = Release|Win32
		{1C9F1A68-64BA-47A6-8C5F-86B6C2B37FD1}.Release|Win32.Deploy.0 = Release|Win32
		{1C9F1A68-64BA-47A6-8C5F-86B6C2B37FD1}.Release|x64.ActiveCfg = Release|x64
		{1C9F1A68-64BA-47A6-8C5F-86B6C2B37FD1}.Release|x64.Build.0 = Release|x64
		{1C9F1A68-64BA-47A6-8C5F-86B6C2B37FD1}.Release|x64.Deploy.0 = Release|x64
		{1C9F1A68-64BA-47A6-8C5F-86B6C2B37FD1}.Release|ARM64.ActiveCfg = Release|ARM64
		{1C9F1A68-64BA-47A6-8C5F-86B6C2B37FD1}.Release|ARM64.Build.0 = Release|ARM64
		{1C9F1A68-64BA-47A6-8C5F-86B6C2B37FD1}.Release|ARM64.Deploy.0 = Release|ARM64
		{0D9B6B28-0158-43F4-82F1-50121ABA71A6}.Debug|Win32.ActiveCfg = Debug|Win32
		{0D9B6B28-0158-43F4-82F1-50121ABA71A6}.Debug|Win32.Build.0 = Debug|Win32
		{0D9B6B28-0158-43F4-82F1-50121ABA71A6}.Debug|Win32.Deploy.0 = Debug|Win32
		{0D9B6B28-0158-43F4-82F1-50121ABA71A6}.Debug|x64.ActiveCfg = Debug|x64
		{0D9B6B28-0158-43F4-82F1-50121ABA71A6}.Debug|x64.Build.0 = Debug|x64
		{0D9B6B28-0158-43F4-82F1-50121ABA71A6}.Debug|x64.Deploy.0 = Debug|x64
		{0D9B6B28-0158-43F4-82F1-50121ABA71A6}.Debug|ARM64.ActiveCfg = Debug|ARM64
		{0D9B6B28-0158-43F4-82F1-50121ABA71A6}.Debug|ARM64.Build.0 = Debug|ARM64
		{0D9B6B28-0158-43F4-82F1-50121ABA71A6}.Debug|ARM64.Deploy.0 = Debug|ARM64
		{0D9B6B28-0158-43F4-82F1-50121ABA71A6}.Release|Win32.ActiveCfg = Release|Win32
		{0D9B6B28-0158-43F4-82F1-50121ABA71A6}.Release|Win32.Build.0 = Release|Win32
		{0D9B6B28-0158-43F4-82F1-50121ABA71A6}.Release|Win32.Deploy.0 = Release|Win32
		{0D9B6B28-0158-43F4-82F1-50121ABA71A6}.Release|x64.ActiveCfg = Release|x64
		{0D9B6B28-0158-43F4-82F1-50121ABA71A6}.Release|x64.Build.0 = Release|x64
		{0D9B6B28-0158-43F4-82F1-50121ABA71A6}.Release|x64.Deploy.0 = Release|x64
		{0D9B6B28-0158-43F4-82F1-50121ABA71A6}.Release|ARM64.ActiveCfg = Release|ARM64
		{0D9B6B28-0158-43F4-82F1-50121ABA71A6}.Release|ARM64.Build.0 = Release|ARM64
		{0D9B6B28-0158-43F4-82F1-50121ABA71A6}.Release|ARM64.Deploy.0 = Release|ARM64
		{A68C40F5-95C0-4F2F-847F-EA288EB32515}.Debug|Win32.ActiveCfg = Debug|Win32
		{A68C40F5-95C0-4F2F-847F-EA288EB32515}.Debug|Win32.Build.0 = Debug|Win32
		{A68C40F5-95C0-4F2F-847F-EA288EB32515}.Debug|Win32.Deploy.0 = Debug|Win32
		{A68C40F5-95C0-4F2F-847F-EA288EB32515}.Debug|x64.ActiveCfg = Debug|x64
		{A68C40F5-95C0-4F2F-847F-EA288EB32515}.Debug|x64.Build.0 = Debug|x64
		{A68C40F5-95C0-4F2F-847F-EA288EB32515}.Debug|x64.Deploy.0 = Debug|x64
		{A68C40F5-95C0-4F2F-847F-EA288EB32515}.Debug|ARM64.ActiveCfg = Debug|ARM64
		{A68C40F5-95C0-4F2F-847F-EA288EB32515}.Debug|ARM64.Build.0 = Debug|ARM64
		{A68C40F5-95C0-4F2F-847F-EA288EB32515}.Debug|ARM64.Deploy.0 = Debug|ARM64
		{A68C40F5-95C0-4F2F-847F-EA288EB32515}.Release|Win32.ActiveCfg = Release|Win32
		{A68C40F5-95C0-4F2F-847F-EA288EB32515}.Release|Win32.Build.0 = Release|Win32
		{A68C40F5-95C0-4F2F-847F-EA288EB32515}.Release|Win32.Deploy.0 = Release|Win32
		{A68C40F5-95C0-4F2F-847F-EA288EB32515}.Release|x64.ActiveCfg = Release|x64
		{A68C40F5-95C0-4F2F-847F-EA288EB32515}.Release|x64.Build.0 = Release|x64
		{A68C40F5-95C0-4F2F-847F-EA288EB32515}.Release|x64.Deploy.0 = Release|x64
		{A68C40F5-95C0-4F2F-847F-EA288EB32515}.Release|ARM64.ActiveCfg = Release|ARM64
		{A68C40F5-95C0-4F2F-847F-EA288EB32515}.Release|ARM64.Build.0 = Release|ARM64
		{A68C40F5-95C0-4F2F-847F-EA288EB32515}.Release|ARM64.Deploy.0 = Release|ARM64
		{30206F3F-49CA-45D0-A894-0C85C688B782}.Debug|Win32.ActiveCfg = Debug|Win32
		{30206F3F-49CA-45D0-A894-0C85C688B782}.Debug|Win32.Build.0 = Debug|Win32
		{30206F3F-49CA-45D0-A894-0C85C688B782}.Debug|Win32.Deploy.0 = Debug|Win32
		{30206F3F-49CA-45D0-A894-0C85C688B782}.Debug|x64.ActiveCfg = Debug|x64
		{30206F3F-49CA-45D0-A894-0C85C688B782}.Debug|x64.Build.0 = Debug|x64
		{30206F3F-49CA-45D0-A894-0C85C688B782}.Debug|x64.Deploy.0 = Debug|x64
		{30206F3F-49CA-45D0-A894-0C85C688B782}.Debug|ARM64.ActiveCfg = Debug|ARM64
		{30206F3F-49CA-45D0-A894-0C85C688B782}.Debug|ARM64.Build.0 = Debug|ARM64
		{30206F3F-49CA-45D0-A894-0C85C688B782}.Debug|ARM64.Deploy.0 = Debug|ARM64
		{30206F3F-49CA-45D0-A894-0C85C688B782}.Release|Win32.ActiveCfg = Release|Win32
		{30206F3F-49CA-45D0-A894-0C85C688B782}.Release|Win32.Build.0 = Release|Win32
		{30206F3F-49CA-45D0-A894-0C85C688B782}.Release|Win32.Deploy.0 = Release|Win32
		{30206F3F-49CA-45D0-A894-0C85C688B782}.Release|x64.ActiveCfg = Release|x64
		{30206F3F-49CA-45D0-A894-0C85C688B782}.Release|x64.Build.0 = Release|x64
		{30206F3F-49CA-45D0-A894-0C85C688B782}.Release|x64.Deploy.0 = Release|x64
		{30206F3F-49CA-45D0-A894-0C85C688B782}.Release|ARM64.ActiveCfg = Release|ARM64
		{30206F3F-49CA-45D0-A894-0C85C688B782}.Release|ARM64.Build.0 = Release|ARM64
		{30206F3F-49CA-45D0-A894-0C85C688B782}.Release|ARM64.Deploy.0 = Release|ARM64
		{4B74A2E2-B6E0-4B0C-8EA2-5519C43DA412}.Debug|Win32.ActiveCfg = Debug|Win32
		{4B74A2E2-B6E0-4B0C-8EA2-5519C43DA412}.Debug|Win32.Build.0 = Debug|Win32
		{4B74A2E2-B6E0-4B0C-8EA2-5519C43DA412}.Debug|Win32.Deploy.0 = Debug|Win32
		{4B74A2E2-B6E0-4B0C-8EA2-5519C43DA412}.Debug|x64.ActiveCfg = Debug|x64
		{4B74A2E2-B6E0-4B0C-8EA2-5519C43DA412}.Debug|x64.Build.0 = Debug|x64
		{4B74A2E2-B6E0-4B0C-8EA2-5519C43DA412}.Debug|x64.Deploy.0 = Debug|x64
		{4B74A2E2-B6E0-4B0C-8EA2-5519C43DA412}.Debug|ARM64.ActiveCfg = Debug|ARM64
		{4B74A2E2-B6E0-4B0C-8EA2-5519C43DA412}.Debug|ARM64.Build.0 = Debug|ARM64
		{4B74A2E2-B6E0-4B0C-8EA2-5519C43DA412}.Debug|ARM64.Deploy.0 = Debug|ARM64
		{4B74A2E2-B6E0-4B0C-8EA2-5519C43DA412}.Release|Win32.ActiveCfg = Release|Win32
		{4B74A2E2-B6E0-4B0C-8EA2-5519C43DA412}.Release|Win32.Build.0 = Release|Win32
		{4B74A2E2-B6E0-4B0C-8EA2-5519C43DA412}.Release|Win32.Deploy.0 = Release|Win32
		{4B74A2E2-B6E0-4B0C-8EA2-5519C43DA412}.Release|x64.ActiveCfg = Release|x64
		{4B74A2E2-B6E0-4B0C-8EA2-5519C43DA412}.Release|x64.Build.0 = Release|x64
		{4B74A2E2-B6E0-4B0C-8EA2-5519C43DA412}.Release|x64.Deploy.0 = Release|x64
		{4B74A2E2-B6E0-4B0C-8EA2-5519C43DA412}.Release|ARM64.ActiveCfg = Release|ARM64
		{4B74A2E2-B6E0-4B0C-8EA2-5519C43DA412}.Release|ARM64.Build.0 = Release|ARM64
		{4B74A2E2-B6E0-4B0C-8EA2-5519C43DA412}.Release|ARM64.Deploy.0 = Release|ARM64
		{3A0EB02B-D73F-4ACB-81EC-8E6B7E685BAE}.Debug|Win32.ActiveCfg = Debug|Win32
		{3A0EB02B-D73F-4ACB-81EC-8E6B7E685BAE}.Debug|Win32.Build.0 = Debug|Win32
		{3A0EB02B-D73F-4ACB-81EC-8E6B7E685BAE}.Debug|Win32.Deploy.0 = Debug|Win32
		{3A0EB02B-D73F-4ACB-81EC-8E6B7E685BAE}.Debug|x64.ActiveCfg = Debug|x64
		{3A0EB02B-D73F-4ACB-81EC-8E6B7E685BAE}.Debug|x64.Build.0 = Debug|x64
		{3A0EB02B-D73F-4ACB-81EC-8E6B7E685BAE}.Debug|x64.Deploy.0 = Debug|x64
		{3A0EB02B-D73F-4ACB-81EC-8E6B7E685BAE}.Debug|ARM64.ActiveCfg = Debug|ARM64
		{3A0EB02B-D73F-4ACB-81EC-8E6B7E685BAE}.Debug|ARM64.Build.0 = Debug|ARM64
		{3A0EB02B-D73F-4ACB-81EC-8E6B7E685BAE}.Debug|ARM64.Deploy.0 = Debug|ARM64
		{3A0EB02B-D73F-4ACB-81EC-8E6B7E685BAE}.Release|Win32.ActiveCfg = Release|Win32
		{3A0EB02B-D73F-4ACB-81EC-8E6B7E685BAE}.Release|Win32.Build.0 = Release|Win32
		{3A0EB02B-D73F-4ACB-81EC-8E6B7E685BAE}.Release|Win32.Deploy.0 = Release|Win32
		{3A0EB02B-D73F-4ACB-81EC-8E6B7E685BAE}.Release|x64.ActiveCfg = Release|x64
		{3A0EB02B-D73F-4ACB-81EC-8E6B7E685BAE}.Release|x64.Build.0 = Release|x64
		{3A0EB02B-D73F-4ACB-81EC-8E6B7E685BAE}.Release|x64.Deploy.0 = Release|x64
		{3A0EB02B-D73F-4ACB-81EC-8E6B7E685BAE}.Release|ARM64.ActiveCfg = Release|ARM64
		{3A0EB02B-D73F-4ACB-81EC-8E6B7E685BAE}.Release|ARM64.Build.0 = Release|ARM64
		{3A0EB02B-D73F-4ACB-81EC-8E6B7E685BAE}.Release|ARM64.Deploy.0 = Release|ARM64
		{24B982D0-C127-4791-A0B9-142107E94F44}.Debug|Win32.ActiveCfg = Debug|Win32
		{24B982D0-C127-4791-A0B9-142107E94F44}.Debug|Win32.Build.0 = Debug|Win32
		{24B982D0-C127-4791-A0B9-142107E94F44}.Debug|Win32.Deploy.0 = Debug|Win32
		{24B982D0-C127-4791-A0B9-142107E94F44}.Debug|x64.ActiveCfg = Debug|x64
		{24B982D0-C127-4791-A0B9-142107E94F44}.Debug|x64.Build.0 = Debug|x64
		{24B982D0-C127-4791-A0B9-142107E94F44}.Debug|x64.Deploy.0 = Debug|x64
		{24B982D0-C127-4791-A0B9-142107E94F44}.Debug|ARM64.ActiveCfg = Debug|ARM64
		{24B982D0-C127-4791-A0B9-142107E94F44}.Debug|ARM64.Build.0 = Debug|ARM64
		{24B982D0-C127-4791-A0B9-142107E94F44}.Debug|ARM64.Deploy.0 = Debug|ARM64
		{24B982D0-C127-4791-A0B9-142107E94F44}.Release|Win32.ActiveCfg = Release|Win32
		{24B982D0-C127-4791-A0B9-142107E94F44}.Release|Win32.Build.0 = Release|Win32
		{24B982D0-C127-4791-A0B9-142107E94F44}.Release|Win32.Deploy.0 = Release|Win32
		{24B982D0-C127-4791-A0B9-142107E94F44}.Release|x64.ActiveCfg = Release|x64
		{24B982D0-C127-4791-A0B9-142107E94F44}.Release|x64.Build.0 = Release|x64
		{24B982D0-C127-4791-A0B9-142107E94F44}.Release|x64.Deploy.0 = Release|x64
		{24B982D0-C127-4791-A0B9-142107E94F44}.Release|ARM64.ActiveCfg = Release|ARM64
		{24B982D0-C127-4791-A0B9-142107E94F44}.Release|ARM64.Build.0 = Release|ARM64
		{24B982D0-C127-4791-A0B9-142107E94F44}.Release|ARM64.Deploy.0 = Release|ARM64
		{1A9A229E-1391-4095-930F-3EF5885008B3}.Debug|Win32.ActiveCfg = Debug|Win32
		{1A9A229E-1391-4095-930F-3EF5885008B3}.Debug|Win32.Build.0 = Debug|Win32
		{1A9A229E-1391-4095-930F-3EF5885008B3}.Debug|Win32.Deploy.0 = Debug|Win32
		{1A9A229E-1391-4095-930F-3EF5885008B3}.Debug|x64.ActiveCfg = Debug|x64
		{1A9A229E-1391-4095-930F-3EF5885008B3}.Debug|x64.Build.0 = Debug|x64
		{1A9A229E-1391-4095-930F-3EF5885008B3}.Debug|x64.Deploy.0 = Debug|x64
		{1A9A229E-1391-4095-930F-3EF5885008B3}.Debug|ARM64.ActiveCfg = Debug|ARM64
		{1A9A229E-1391-4095-930F-3EF5885008B3}.Debug|ARM64.Build.0 = Debug|ARM64
		{1A9A229E-1391-4095-930F-3EF5885008B3}.Debug|ARM64.Deploy.0 = Debug|ARM64
		{1A9A229E-1391-4095-930F-3EF5885008B3}.Release|Win32.ActiveCfg = Release|Win32
		{1A9A229E-1391-4095-930F-3EF5885008B3}.Release|Win32.Build.0 = Release|Win32
		{1A9A229E-1391-4095-930F-3EF5885008B3}.Release|Win32.Deploy.0 = Release|Win32
		{1A9A229E-1391-4095-930F-3EF5885008B3}.Release|x64.ActiveCfg = Release|x64
		{1A9A229E-1391-4095-930F-3EF5885008B3}.Release|x64.Build.0 = Release|x64
		{1A9A229E-1391-4095-930F-3EF5885008B3}.Release|x64.Deploy.0 = Release|x64
		{1A9A229E-1391-4095-930F-3EF5885008B3}.Release|ARM64.ActiveCfg = Release|ARM64
		{1A9A229E-1391-4095-930F-3EF5885008B3}.Release|ARM64.Build.0 = Release|ARM64
		{1A9A229E-1391-4095-930F-3EF5885008B3}.Release|ARM64.Deploy.0 = Release|ARM64
		{578C5D29-0C06-473D-A6BA-5B2316F9F73C}.Debug|Win32.ActiveCfg = Debug|Win32
		{578C5D29-0C06-473D-A6BA-5B2316F9F73C}.Debug|Win32.Build.0 = Debug|Win32
		{578C5D29-0C06-473D-A6BA-5B2316F9F73C}.Debug|Win32.Deploy.0 = Debug|Win32
		{578C5D29-0C06-473D-A6BA-5B2316F9F73C}.Debug|x64.ActiveCfg = Debug|x64
		{578C5D29-0C06-473D-A6BA-5B2316F9F73C}.Debug|x64.Build.0 = Debug|x64
		{578C5D29-0C06-473D-A6BA-5B2316F9F73C}.Debug|x64.Deploy.0 = Debug|x64
		{578C5D29-0C06-473D-A6BA-5B2316F9F73C}.Debug|ARM64.ActiveCfg = Debug|ARM64
		{578C5D29-0C06-473D-A6BA-5B2316F9F73C}.Debug|ARM64.Build.0 = Debug|ARM64
		{578C5D29-0C06-473D-A6BA-5B2316F9F73C}.Debug|ARM64.Deploy.0 = Debug|ARM64
		{578C5D29-0C06-473D-A6BA-5B2316F9F73C}.Release|Win32.ActiveCfg = Release|Win32
		{578C5D29-0C06-473D-A6BA-5B2316F9F73C}.Release|Win32.Build.0 = Release|Win32
		{578C5D29-0C06-473D-A6BA-5B2316F9F73C}.Release|Win32.Deploy.0 = Release|Win32
		{578C5D29-0C06-473D-A6BA-5B2316F9F73C}.Release|x64.ActiveCfg = Release|x64
		{578C5D29-0C06-473D-A6BA-5B2316F9F73C}.Release|x64.Build.0 = Release|x64
		{578C5D29-0C06-473D-A6BA-5B2316F9F73C}.Release|x64.Deploy.0 = Release|x64
		{578C5D29-0C06-473D-A6BA-5B2316F9F73C}.Release|ARM64.ActiveCfg = Release|ARM64
		{578C5D29-0C06-473D-A6BA-5B2316F9F73C}.Release|ARM64.Build.0 = Release|ARM64
		{578C5D29-0C06-473D-A6BA-5B2316F9F73C}.Release|ARM64.Deploy.0 = Release|ARM64
		{163A5C09-C09B-4CFE-826E-BC0788199835}.Debug|Win32.ActiveCfg = Debug|Win32
		{163A5C09-C09B-4CFE-826E-BC0788199835}.Debug|Win32.Build.0 = Debug|Win32
		{163A5C09-C09B-4CFE-826E-BC0788199835}.Debug|Win32.Deploy.0 = Debug|Win32
		{163A5C09-C09B-4CFE-826E-BC0788199835}.Debug|x64.ActiveCfg = Debug|x64
		{163A5C09-C09B-4CFE-826E-BC0788199835}.Debug|x64.Build.0 = Debug|x64
		{163A5C09-C09B-4CFE-826E-BC0788199835}.Debug|x64.Deploy.0 = Debug|x64
		{163A5C09-C09B-4CFE-826E-BC0788199835}.Debug|ARM64.ActiveCfg = Debug|ARM64
		{163A5C09-C09B-4CFE-826E-BC0788199835}.Debug|ARM64.Build.0 = Debug|ARM64
		{163A5C09-C09B-4CFE-826E-BC0788199835}.Debug|ARM64.Deploy.0 = Debug|ARM64
		{163A5C09-C09B-4CFE-826E-BC0788199835}.Release|Win32.ActiveCfg = Release|Win32
		{163A5C09-C09B-4CFE-826E-BC0788199835}.Release|Win32.Build.0 = Release|Win32
		{163A5C09-C09B-4CFE-826E-BC0788199835}.Release|Win32.Deploy.0 = Release|Win32
		{163A5C09-C09B-4CFE-826E-BC0788199835}.Release|x64.ActiveCfg = Release|x64
		{163A5C09-C09B-4CFE-826E-BC0788199835}.Release|x64.Build.0 = Release|x64
		{163A5C09-C09B-4CFE-826E-BC0788199835}.Release|x64.Deploy.0 = Release|x64
		{163A5C09-C09B-4CFE-826E-BC0788199835}.Release|ARM64.ActiveCfg = Release|ARM64
		{163A5C09-C09B-4CFE-826E-BC0788199835}.Release|ARM64.Build.0 = Release|ARM64
		{163A5C09-C09B-4CFE-826E-BC0788199835}.Release|ARM64.Deploy.0 = Release|ARM64
		{664EE695-5A26-4A88-B43D-5A1AE4962847}.Debug|Win32.ActiveCfg = Debug|Win32
		{664EE695-5A26-4A88-B43D-5A1AE4962847}.Debug|Win32.Build.0 = Debug|Win32
		{664EE695-5A26-4A88-B43D-5A1AE4962847}.Debug|Win32.Deploy.0 = Debug|Win32
		{664EE695-5A26-4A88-B43D-5A1AE4962847}.Debug|x64.ActiveCfg = Debug|x64
		{664EE695-5A26-4A88-B43D-5A1AE4962847}.Debug|x64.Build.0 = Debug|x64
		{664EE695-5A26-4A88-B43D-5A1AE4962847}.Debug|x64.Deploy.0 = Debug|x64
		{664EE695-5A26-4A88-B43D-5A1AE4962847}.Debug|ARM64.ActiveCfg = Debug|ARM64
		{664EE695-5A26-4A88-B43D-5A1AE4962847}.Debug|ARM64.Build.0 = Debug|ARM64
		{664EE695-5A26-4A88-B43D-5A1AE4962847}.Debug|ARM64.Deploy.0 = Debug|ARM64
		{664EE695-5A26-4A88-B43D-5A1AE4962847}.Release|Win32.ActiveCfg = Release|Win32
		{664EE695-5A26-4A88-B43D-5A1AE4962847}.Release|Win32.Build.0 = Release|Win32
		{664EE695-5A26-4A88-B43D-5A1AE4962847}.Release|Win32.Deploy.0 = Release|Win32
		{664EE695-5A26-4A88-B43D-5A1AE4962847}.Release|x64.ActiveCfg = Release|x64
		{664EE695-5A26-4A88-B43D-5A1AE4962847}.Release|x64.Build.0 = Release|x64
		{664EE695-5A26-4A88-B43D-5A1AE4962847}.Release|x64.Deploy.0 = Release|x64
		{664EE695-5A26-4A88-B43D-5A1AE4962847}.Release|ARM64.ActiveCfg = Release|ARM64
		{664EE695-5A26-4A88-B43D-5A1AE4962847}.Release|ARM64.Build.0 = Release|ARM64
		{664EE695-5A26-4A88-B43D-5A1AE4962847}.Release|ARM64.Deploy.0 = Release|ARM64
		{B59FE4F1-645D-4C2B-85C1-11A02BE67076}.Debug|Win32.ActiveCfg = Debug|Win32
		{B59FE4F1-645D-4C2B-85C1-11A02BE67076}.Debug|Win32.Build.0 = Debug|Win32
		{B59FE4F1-645D-4C2B-85C1-11A02BE67076}.Debug|Win32.Deploy.0 = Debug|Win32
		{B59FE4F1-645D-4C2B-85C1-11A02BE67076}.Debug|x64.ActiveCfg = Debug|x64
		{B59FE4F1-645D-4C2B-85C1-11A02BE67076}.Debug|x64.Build.0 = Debug|x64
		{B59FE4F1-645D-4C2B-85C1-11A02BE67076}.Debug|x64.Deploy.0 = Debug|x64
		{B59FE4F1-645D-4C2B-85C1-11A02BE67076}.Debug|ARM64.ActiveCfg = Debug|ARM64
		{B59FE4F1-645D-4C2B-85C1-11A02BE67076}.Debug|ARM64.Build.0 = Debug|ARM64
		{B59FE4F1-645D-4C2B-85C1-11A02BE67076}.Debug|ARM64.Deploy.0 = Debug|ARM64
		{B59FE4F1-645D-4C2B-85C1-11A02BE67076}.Release|Win32.ActiveCfg = Release|Win32
		{B59FE4F1-645D-4C2B-85C1-11A02BE67076}.Release|Win32.Build.0 = Release|Win32
		{B59FE4F1-645D-4C2B-85C1-11A02BE67076}.Release|Win32.Deploy.0 = Release|Win32
		{B59FE4F1-645D-4C2B-85C1-11A02BE67076}.Release|x64.ActiveCfg = Release|x64
		{B59FE4F1-645D-4C2B-85C1-11A02BE67076}.Release|x64.Build.0 = Release|x64
		{B59FE4F1-645D-4C2B-85C1-11A02BE67076}.Release|x64.Deploy.0 = Release|x64
		{B59FE4F1-645D-4C2B-85C1-11A02BE67076}.Release|ARM64.ActiveCfg = Release|ARM64
		{B59FE4F1-645D-4C2B-85C1-11A02BE67076}.Release|ARM64.Build.0 = Release|ARM64
		{B59FE4F1-645D-4C2B-85C1-11A02BE67076}.Release|ARM64.Deploy.0 = Release|ARM64
		{CBBD5AEA-C838-4762-8CEB-C28029FF7D74}.Debug|Win32.ActiveCfg = Debug|Win32
		{CBBD5AEA-C838-4762-8CEB-C28029FF7D74}.Debug|Win32.Build.0 = Debug|Win32
		{CBBD5AEA-C838-4762-8CEB-C28029FF7D74}.Debug|Win32.Deploy.0 = Debug|Win32
		{CBBD5AEA-C838-4762-8CEB-C28029FF7D74}.Debug|x64.ActiveCfg = Debug|x64
		{CBBD5AEA-C838-4762-8CEB-C28029FF7D74}.Debug|x64.Build.0 = Debug|x64
		{CBBD5AEA-C838-4762-8CEB-C28029FF7D74}.Debug|x64.Deploy.0 = Debug|x64
		{CBBD5AEA-C838-4762-8CEB-C28029FF7D74}.Debug|ARM64.ActiveCfg = Debug|ARM64
		{CBBD5AEA-C838-4762-8CEB-C28029FF7D74}.Debug|ARM64.Build.0 = Debug|ARM64
		{CBBD5AEA-C838-4762-8CEB-C28029FF7D74}.Debug|ARM64.Deploy.0 = Debug|ARM64
		{CBBD5AEA-C838-4762-8CEB-C28029FF7D74}.Release|Win32.ActiveCfg = Release|Win32
		{CBBD5AEA-C838-4762-8CEB-C28029FF7D74}.Release|Win32.Build.0 = Release|Win32
		{CBBD5AEA-C838-4762-8CEB-C28029FF7D74}.Release|Win32.Deploy.0 = Release|Win32
		{CBBD5AEA-C838-4762-8CEB-C28029FF7D74}.Release|x64.ActiveCfg = Release|x64
		{CBBD5AEA-C838-4762-8CEB-C28029FF7D74}.Release|x64.Build.0 = Release|x64
		{CBBD5AEA-C838-4762-8CEB-C28029FF7D74}.Release|x64.Deploy.0 = Release|x64
		{CBBD5AEA-C838-4762-8CEB-C28029FF7D74}.Release|ARM64.ActiveCfg = Release|ARM64
		{CBBD5AEA-C838-4762-8CEB-C28029FF7D74}.Release|ARM64.Build.0 = Release|ARM64
		{CBBD5AEA-C838-4762-8CEB-C28029FF7D74}.Release|ARM64.Deploy.0 = Release|ARM64
		{A9E149AA-6432-4346-B298-7C6EFF79E727}.Debug|Win32.ActiveCfg = Debug|Win32
		{A9E149AA-6432-4346-B298-7C6EFF79E727}.Debug|Win32.Build.0 = Debug|Win32
		{A9E149AA-6432-4346-B298-7C6EFF79E727}.Debug|Win32.Deploy.0 = Debug|Win32
		{A9E149AA-6432-4346-B298-7C6EFF79E727}.Debug|x64.ActiveCfg = Debug|x64
		{A9E149AA-6432-4346-B298-7C6EFF79E727}.Debug|x64.Build.0 = Debug|x64
		{A9E149AA-6432-4346-B298-7C6EFF79E727}.Debug|x64.Deploy.0 = Debug|x64
		{A9E149AA-6432-4346-B298-7C6EFF79E727}.Debug|ARM64.ActiveCfg = Debug|ARM64
		{A9E149AA-6432-4346-B298-7C6EFF79E727}.Debug|ARM64.Build.0 = Debug|ARM64
		{A9E149AA-6432-4346-B298-7C6EFF79E727}.Debug|ARM64.Deploy.0 = Debug|ARM64
		{A9E149AA-6432-4346-B298-7C6EFF79E727}.Release|Win32.ActiveCfg = Release|Win32
		{A9E149AA-6432-4346-B298-7C6EFF79E727}.Release|Win32.Build.0 = Release|Win32
		{A9E149AA-6432-4346-B298-7C6EFF79E727}.Release|Win32.Deploy.0 = Release|Win32
		{A9E149AA-6432-4346-B298-7C6EFF79E727}.Release|x64.ActiveCfg = Release|x64
		{A9E149AA-6432-4346-B298-7C6EFF79E727}.Release|x64.Build.0 = Release|x64
		{A9E149AA-6432-4346-B298-7C6EFF79E727}.Release|x64.Deploy.0 = Release|x64
		{A9E149AA-6432-4346-B298-7C6EFF79E727}.Release|ARM64.ActiveCfg = Release|ARM64
		{A9E149AA-6432-4346-B298-7C6EFF79E727}.Release|ARM64.Build.0 = Release|ARM64
		{A9E149AA-6432-4346-B298-7C6EFF79E727}.Release|ARM64.Deploy.0 = Release|ARM64
		{4E9FA1A8-0C03-4300-B066-55F64BAE75B2}.Debug|Win32.ActiveCfg = Debug|Win32
		{4E9FA1A8-0C03-4300-B066-55F64BAE75B2}.Debug|Win32.Build.0 = Debug|Win32
		{4E9FA1A8-0C03-4300-B066-55F64BAE75B2}.Debug|Win32.Deploy.0 = Debug|Win32
		{4E9FA1A8-0C03-4300-B066-55F64BAE75B2}.Debug|x64.ActiveCfg = Debug|x64
		{4E9FA1A8-0C03-4300-B066-55F64BAE75B2}.Debug|x64.Build.0 = Debug|x64
		{4E9FA1A8-0C03-4300-B066-55F64BAE75B2}.Debug|x64.Deploy.0 = Debug|x64
		{4E9FA1A8-0C03-4300-B066-55F64BAE75B2}.Debug|ARM64.ActiveCfg = Debug|ARM64
		{4E9FA1A8-0C03-4300-B066-55F64BAE75B2}.Debug|ARM64.Build.0 = Debug|ARM64
		{4E9FA1A8-0C03-4300-B066-55F64BAE75B2}.Debug|ARM64.Deploy.0 = Debug|ARM64
		{4E9FA1A8-0C03-4300-B066-55F64BAE75B2}.Release|Win32.ActiveCfg = Release|Win32
		{4E9FA1A8-0C03-4300-B066-55F64BAE75B2}.Release|Win32.Build.0 = Release|Win32
		{4E9FA1A8-0C03-4300-B066-55F64BAE75B2}.Release|Win32.Deploy.0 = Release|Win32
		{4E9FA1A8-0C03-4300-B066-55F64BAE75B2}.Release|x64.ActiveCfg = Release|x64
		{4E9FA1A8-0C03-4300-B066-55F64BAE75B2}.Release|x64.Build.0 = Release|x64
		{4E9FA1A8-0C03-4300-B066-55F64BAE75B2}.Release|x64.Deploy.0 = Release|x64
		{4E9FA1A8-0C03-4300-B066-55F64BAE75B2}.Release|ARM64.ActiveCfg = Release|ARM64
		{4E9FA1A8-0C03-4300-B066-55F64BAE75B2}.Release|ARM64.Build.0 = Release|ARM64
		{4E9FA1A8-0C03-4300-B066-55F64BAE75B2}.Release|ARM64.Deploy.0 = Release|ARM64
		{7A1C5E4C-8D64-4879-AF9E-BDDB441D269F}.Debug|Win32.ActiveCfg = Debug|Win32
		{7A1C5E4C-8D64-4879-AF9E-BDDB441D269F}.Debug|Win32.Build.0 = Debug|Win32
		{7A1C5E4C-8D64-4879-AF9E-BDDB441D269F}.Debug|Win32.Deploy.0 = Debug|Win32
		{7A1C5E4C-8D64-4879-AF9E-BDDB441D269F}.Debug|x64.ActiveCfg = Debug|x64
		{7A1C5E4C-8D64-4879-AF9E-BDDB441D269F}.Debug|x64.Build.0 = Debug|x64
		{7A1C5E4C-8D64-4879-AF9E-BDDB441D269F}.Debug|x64.Deploy.0 = Debug|x64
		{7A1C5E4C-8D64-4879-AF9E-BDDB441D269F}.Debug|ARM64.ActiveCfg = Debug|ARM64
		{7A1C5E4C-8D64-4879-AF9E-BDDB441D269F}.Debug|ARM64.Build.0 = Debug|ARM64
		{7A1C5E4C-8D64-4879-AF9E-BDDB441D269F}.Debug|ARM64.Deploy.0 = Debug|ARM64
		{7A1C5E4C-8D64-4879-AF9E-BDDB441D269F}.Release|Win32.ActiveCfg = Release|Win32
		{7A1C5E4C-8D64-4879-AF9E-BDDB441D269F}.Release|Win32.Build.0 = Release|Win32
		{7A1C5E4C-8D64-4879-AF9E-BDDB441D269F}.Release|Win32.Deploy.0 = Release|Win32
		{7A1C5E4C-8D64-4879-AF9E-BDDB441D269F}.Release|x64.ActiveCfg = Release|x64
		{7A1C5E4C-8D64-4879-AF9E-BDDB441D269F}.Release|x64.Build.0 = Release|x64
		{7A1C5E4C-8D64-4879-AF9E-BDDB441D269F}.Release|x64.Deploy.0 = Release|x64
		{7A1C5E4C-8D64-4879-AF9E-BDDB441D269F}.Release|ARM64.ActiveCfg = Release|ARM64
		{7A1C5E4C-8D64-4879-AF9E-BDDB441D269F}.Release|ARM64.Build.0 = Release|ARM64
		{7A1C5E4C-8D64-4879-AF9E-BDDB441D269F}.Release|ARM64.Deploy.0 = Release|ARM64
		{C8BCF3CD-7B36-4BC3-94A1-F10540799B02}.Debug|Win32.ActiveCfg = Debug|Win32
		{C8BCF3CD-7B36-4BC3-94A1-F10540799B02}.Debug|Win32.Build.0 = Debug|Win32
		{C8BCF3CD-7B36-4BC3-94A1-F10540799B02}.Debug|Win32.Deploy.0 = Debug|Win32
		{C8BCF3CD-7B36-4BC3-94A1-F10540799B02}.Debug|x64.ActiveCfg = Debug|x64
		{C8BCF3CD-7B36-4BC3-94A1-F10540799B02}.Debug|x64.Build.0 = Debug|x64
		{C8BCF3CD-7B36-4BC3-94A1-F10540799B02}.Debug|x64.Deploy.0 = Debug|x64
		{C8BCF3CD-7B36-4BC3-94A1-F10540799B02}.Debug|ARM64.ActiveCfg = Debug|ARM64
		{C8BCF3CD-7B36-4BC3-94A1-F10540799B02}.Debug|ARM64.Build.0 = Debug|ARM64
		{C8BCF3CD-7B36-4BC3-94A1-F10540799B02}.Debug|ARM64.Deploy.0 = Debug|ARM64
		{C8BCF3CD-7B36-4BC3-94A1-F10540799B02}.Release|Win32.ActiveCfg = Release|Win32
		{C8BCF3CD-7B36-4BC3-94A1-F10540799B02}.Release|Win32.Build.0 = Release|Win32
		{C8BCF3CD-7B36-4BC3-94A1-F10540799B02}.Release|Win32.Deploy.0 = Release|Win32
		{C8BCF3CD-7B36-4BC3-94A1-F10540799B02}.Release|x64.ActiveCfg = Release|x64
		{C8BCF3CD-7B36-4BC3-94A1-F10540799B02}.Release|x64.Build.0 = Release|x64
		{C8BCF3CD-7B36-4BC3-94A1-F10540799B02}.Release|x64.Deploy.0 = Release|x64
		{C8BCF3CD-7B36-4BC3-94A1-F10540799B02}.Release|ARM64.ActiveCfg = Release|ARM64
		{C8BCF3CD-7B36-4BC3-94A1-F10540799B02}.Release|ARM64.Build.0 = Release|ARM64
		{C8BCF3CD-7B36-4BC3-94A1-F10540799B02}.Release|ARM64.Deploy.0 = Release|ARM64
		{28E871BC-5135-4472-9819-CA00E45DEEEF}.Debug|Win32.ActiveCfg = Debug|Win32
		{28E871BC-5135-4472-9819-CA00E45DEEEF}.Debug|Win32.Build.0 = Debug|Win32
		{28E871BC-5135-4472-9819-CA00E45DEEEF}.Debug|Win32.Deploy.0 = Debug|Win32
		{28E871BC-5135-4472-9819-CA00E45DEEEF}.Debug|x64.ActiveCfg = Debug|x64
		{28E871BC-5135-4472-9819-CA00E45DEEEF}.Debug|x64.Build.0 = Debug|x64
		{28E871BC-5135-4472-9819-CA00E45DEEEF}.Debug|x64.Deploy.0 = Debug|x64
		{28E871BC-5135-4472-9819-CA00E45DEEEF}.Debug|ARM64.ActiveCfg = Debug|ARM64
		{28E871BC-5135-4472-9819-CA00E45DEEEF}.Debug|ARM64.Build.0 = Debug|ARM64
		{28E871BC-5135-4472-9819-CA00E45DEEEF}.Debug|ARM64.Deploy.0 = Debug|ARM64
		{28E871BC-5135-4472-9819-CA00E45DEEEF}.Release|Win32.ActiveCfg = Release|Win32
		{28E871BC-5135-4472-9819-CA00E45DEEEF}.Release|Win32.Build.0 = Release|Win32
		{28E871BC-5135-4472-9819-CA00E45DEEEF}.Release|Win32.Deploy.0 = Release|Win32
		{28E871BC-5135-4472-9819-CA00E45DEEEF}.Release|x64.ActiveCfg = Release|x64
		{28E871BC-5135-4472-9819-CA00E45DEEEF}.Release|x64.Build.0 = Release|x64
		{28E871BC-5135-4472-9819-CA00E45DEEEF}.Release|x64.Deploy.0 = Release|x64
		{28E871BC-5135-4472-9819-CA00E45DEEEF}.Release|ARM64.ActiveCfg = Release|ARM64
		{28E871BC-5135-4472-9819-CA00E45DEEEF}.Release|ARM64.Build.0 = Release|ARM64
		{28E871BC-5135-4472-9819-CA00E45DEEEF}.Release|ARM64.Deploy.0 = Release|ARM64
		{C5D22727-E94C-4662-B5E3-E138368CC054}.Debug|Win32.ActiveCfg = Debug|Win32
		{C5D22727-E94C-4662-B5E3-E138368CC054}.Debug|Win32.Build.0 = Debug|Win32
		{C5D22727-E94C-4662-B5E3-E138368CC054}.Debug|Win32.Deploy.0 = Debug|Win32
		{C5D22727-E94C-4662-B5E3-E138368CC054}.Debug|x64.ActiveCfg = Debug|x64
		{C5D22727-E94C-4662-B5E3-E138368CC054}.Debug|x64.Build.0 = Debug|x64
		{C5D22727-E94C-4662-B5E3-E138368CC054}.Debug|x64.Deploy.0 = Debug|x64
		{C5D22727-E94C-4662-B5E3-E138368CC054}.Debug|ARM64.ActiveCfg = Debug|ARM64
		{C5D22727-E94C-4662-B5E3-E138368CC054}.Debug|ARM64.Build.0 = Debug|ARM64
		{C5D22727-E94C-4662-B5E3-E138368CC054}.Debug|ARM64.Deploy.0 = Debug|ARM64
		{C5D22727-E94C-4662-B5E3-E138368CC054}.Release|Win32.ActiveCfg = Release|Win32
		{C5D22727-E94C-4662-B5E3-E138368CC054}.Release|Win32.Build.0 = Release|Win32
		{C5D22727-E94C-4662-B5E3-E138368CC054}.Release|Win32.Deploy.0 = Release|Win32
		{C5D22727-E94C-4662-B5E3-E138368CC054}.Release|x64.ActiveCfg = Release|x64
		{C5D22727-E94C-4662-B5E3-E138368CC054}.Release|x64.Build.0 = Release|x64
		{C5D22727-E94C-4662-B5E3-E138368CC054}.Release|x64.Deploy.0 = Release|x64
		{C5D22727-E94C-4662-B5E3-E138368CC054}.Release|ARM64.ActiveCfg = Release|ARM64
		{C5D22727-E94C-4662-B5E3-E138368CC054}.Release|ARM64.Build.0 = Release|ARM64
		{C5D22727-E94C-4662-B5E3-E138368CC054}.Release|ARM64.Deploy.0 = Release|ARM64
		{3153F739-8C23-4F22-BCE5-60F8D07DB737}.Debug|Win32.ActiveCfg = Debug|Win32
		{3153F739-8C23-4F22-BCE5-60F8D07DB737}.Debug|Win32.Build.0 = Debug|Win32
		{3153F739-8C23-4F22-BCE5-60F8D07DB737}.Debug|Win32.Deploy.0 = Debug|Win32
		{3153F739-8C23-4F22-BCE5-60F8D07DB737}.Debug|x64.ActiveCfg = Debug|x64
		{3153F739-8C23-4F22-BCE5-60F8D07DB737}.Debug|x64.Build.0 = Debug|x64
		{3153F739-8C23-4F22-BCE5-60F8D07DB737}.Debug|x64.Deploy.0 = Debug|x64
		{3153F739-8C23-4F22-BCE5-60F8D07DB737}.Debug|ARM64.ActiveCfg = Debug|ARM64
		{3153F739-8C23-4F22-BCE5-60F8D07DB737}.Debug|ARM64.Build.0 = Debug|ARM64
		{3153F739-8C23-4F22-BCE5-60F8D07DB737}.Debug|ARM64.Deploy.0 = Debug|ARM64
		{3153F739-8C23-4F22-BCE5-60F8D07DB737}.Release|Win32.ActiveCfg = Release|Win32
		{3153F739-8C23-4F22-BCE5-60F8D07DB737}.Release|Win32.Build.0 = Release|Win32
		{3153F739-8C23-4F22-BCE5-60F8D07DB737}.Release|Win32.Deploy.0 = Release|Win32
		{3153F739-8C23-4F22-BCE5-60F8D07DB737}.Release|x64.ActiveCfg = Release|x64
		{3153F739-8C23-4F22-BCE5-60F8D07DB737}.Release|x64.Build.0 = Release|x64
		{3153F739-8C23-4F22-BCE5-60F8D07DB737}.Release|x64.Deploy.0 = Release|x64
		{3153F739-8C23-4F22-BCE5-60F8D07DB737}.Release|ARM64.ActiveCfg = Release|ARM64
		{3153F739-8C23-4F22-BCE5-60F8D07DB737}.Release|ARM64.Build.0 = Release|ARM64
		{3153F739-8C23-4F22-BCE5-60F8D07DB737}.Release|ARM64.Deploy.0 = Release|ARM64
	EndGlobalSection
	GlobalSection(SolutionProperties) = preSolution
		HideSolutionNode = FALSE
	EndGlobalSection
EndGlobal
